// !$*UTF8*$!
{
	archiveVersion = 1;
	classes = {
	};
	objectVersion = 56;
	objects = {

/* Begin PBXBuildFile section */
		CD03D6EA2C1C288000E46228 /* AppDelegate.swift in Sources */ = {isa = PBXBuildFile; fileRef = CD03D6E92C1C288000E46228 /* AppDelegate.swift */; };
		CD03D6EC2C1C288000E46228 /* SceneDelegate.swift in Sources */ = {isa = PBXBuildFile; fileRef = CD03D6EB2C1C288000E46228 /* SceneDelegate.swift */; };
		CD03D6F62C1C288100E46228 /* Assets.xcassets in Resources */ = {isa = PBXBuildFile; fileRef = CD03D6F52C1C288100E46228 /* Assets.xcassets */; };
		CD03D6F92C1C288100E46228 /* Base in Resources */ = {isa = PBXBuildFile; fileRef = CD03D6F82C1C288100E46228 /* Base */; };
		CD03D7052C1C28F700E46228 /* MovieHomeView.swift in Sources */ = {isa = PBXBuildFile; fileRef = CD03D7042C1C28F700E46228 /* MovieHomeView.swift */; };
		CD03D7072C1C299800E46228 /* MovieModel.swift in Sources */ = {isa = PBXBuildFile; fileRef = CD03D7062C1C299800E46228 /* MovieModel.swift */; };
		CD03D7092C1C29A400E46228 /* MovieHomeViewModel.swift in Sources */ = {isa = PBXBuildFile; fileRef = CD03D7082C1C29A400E46228 /* MovieHomeViewModel.swift */; };
		CD40EC612C2BEDBB0054D687 /* MovieTrailerView.swift in Sources */ = {isa = PBXBuildFile; fileRef = CD40EC602C2BEDBB0054D687 /* MovieTrailerView.swift */; };
		CD40EC632C2BEDD50054D687 /* MovieTrailerViewModel.swift in Sources */ = {isa = PBXBuildFile; fileRef = CD40EC622C2BEDD50054D687 /* MovieTrailerViewModel.swift */; };
		CD4FDFA72C1D9DA20008CD52 /* ErrorExtension.swift in Sources */ = {isa = PBXBuildFile; fileRef = CD4FDFA62C1D9DA20008CD52 /* ErrorExtension.swift */; };
		CD89AE682C2C4B2800A691CF /* TrailerModel.swift in Sources */ = {isa = PBXBuildFile; fileRef = CD89AE672C2C4B2800A691CF /* TrailerModel.swift */; };
		CD900BDD2C2027F900FDC454 /* MovieTableViewCell.swift in Sources */ = {isa = PBXBuildFile; fileRef = CD900BDC2C2027F900FDC454 /* MovieTableViewCell.swift */; };
		CD900BE12C20390900FDC454 /* MovieDetailView.swift in Sources */ = {isa = PBXBuildFile; fileRef = CD900BE02C20390900FDC454 /* MovieDetailView.swift */; };
		CD900BE32C20391100FDC454 /* MovieDetailViewModel.swift in Sources */ = {isa = PBXBuildFile; fileRef = CD900BE22C20391100FDC454 /* MovieDetailViewModel.swift */; };
		CDBBDFD82C36BA0B00617F6D /* Util.swift in Sources */ = {isa = PBXBuildFile; fileRef = CDBBDFD72C36BA0B00617F6D /* Util.swift */; };
		CDEC973A2C2DB1380084B3A0 /* MovieService.swift in Sources */ = {isa = PBXBuildFile; fileRef = CDEC97392C2DB1380084B3A0 /* MovieService.swift */; };
/* End PBXBuildFile section */

/* Begin PBXFileReference section */
		CD03D6E62C1C288000E46228 /* MovieApp.app */ = {isa = PBXFileReference; explicitFileType = wrapper.application; includeInIndex = 0; path = MovieApp.app; sourceTree = BUILT_PRODUCTS_DIR; };
		CD03D6E92C1C288000E46228 /* AppDelegate.swift */ = {isa = PBXFileReference; lastKnownFileType = sourcecode.swift; path = AppDelegate.swift; sourceTree = "<group>"; };
		CD03D6EB2C1C288000E46228 /* SceneDelegate.swift */ = {isa = PBXFileReference; lastKnownFileType = sourcecode.swift; path = SceneDelegate.swift; sourceTree = "<group>"; };
		CD03D6F52C1C288100E46228 /* Assets.xcassets */ = {isa = PBXFileReference; lastKnownFileType = folder.assetcatalog; path = Assets.xcassets; sourceTree = "<group>"; };
		CD03D6F82C1C288100E46228 /* Base */ = {isa = PBXFileReference; lastKnownFileType = file.storyboard; name = Base; path = Base.lproj/LaunchScreen.storyboard; sourceTree = "<group>"; };
		CD03D6FA2C1C288100E46228 /* Info.plist */ = {isa = PBXFileReference; lastKnownFileType = text.plist.xml; path = Info.plist; sourceTree = "<group>"; };
		CD03D7042C1C28F700E46228 /* MovieHomeView.swift */ = {isa = PBXFileReference; lastKnownFileType = sourcecode.swift; path = MovieHomeView.swift; sourceTree = "<group>"; };
		CD03D7062C1C299800E46228 /* MovieModel.swift */ = {isa = PBXFileReference; lastKnownFileType = sourcecode.swift; path = MovieModel.swift; sourceTree = "<group>"; };
		CD03D7082C1C29A400E46228 /* MovieHomeViewModel.swift */ = {isa = PBXFileReference; lastKnownFileType = sourcecode.swift; path = MovieHomeViewModel.swift; sourceTree = "<group>"; };
		CD40EC5D2C2BB03C0054D687 /* Config.xcconfig */ = {isa = PBXFileReference; lastKnownFileType = text.xcconfig; path = Config.xcconfig; sourceTree = "<group>"; };
		CD40EC602C2BEDBB0054D687 /* MovieTrailerView.swift */ = {isa = PBXFileReference; lastKnownFileType = sourcecode.swift; path = MovieTrailerView.swift; sourceTree = "<group>"; };
		CD40EC622C2BEDD50054D687 /* MovieTrailerViewModel.swift */ = {isa = PBXFileReference; lastKnownFileType = sourcecode.swift; path = MovieTrailerViewModel.swift; sourceTree = "<group>"; };
		CD4FDFA62C1D9DA20008CD52 /* ErrorExtension.swift */ = {isa = PBXFileReference; lastKnownFileType = sourcecode.swift; path = ErrorExtension.swift; sourceTree = "<group>"; };
		CD89AE672C2C4B2800A691CF /* TrailerModel.swift */ = {isa = PBXFileReference; lastKnownFileType = sourcecode.swift; path = TrailerModel.swift; sourceTree = "<group>"; };
		CD900BDC2C2027F900FDC454 /* MovieTableViewCell.swift */ = {isa = PBXFileReference; lastKnownFileType = sourcecode.swift; path = MovieTableViewCell.swift; sourceTree = "<group>"; };
		CD900BE02C20390900FDC454 /* MovieDetailView.swift */ = {isa = PBXFileReference; lastKnownFileType = sourcecode.swift; path = MovieDetailView.swift; sourceTree = "<group>"; };
		CD900BE22C20391100FDC454 /* MovieDetailViewModel.swift */ = {isa = PBXFileReference; lastKnownFileType = sourcecode.swift; path = MovieDetailViewModel.swift; sourceTree = "<group>"; };
		CDBBDFD72C36BA0B00617F6D /* Util.swift */ = {isa = PBXFileReference; lastKnownFileType = sourcecode.swift; path = Util.swift; sourceTree = "<group>"; };
		CDEC97392C2DB1380084B3A0 /* MovieService.swift */ = {isa = PBXFileReference; lastKnownFileType = sourcecode.swift; path = MovieService.swift; sourceTree = "<group>"; };
/* End PBXFileReference section */

/* Begin PBXFrameworksBuildPhase section */
		CD03D6E32C1C288000E46228 /* Frameworks */ = {
			isa = PBXFrameworksBuildPhase;
			buildActionMask = 2147483647;
			files = (
			);
			runOnlyForDeploymentPostprocessing = 0;
		};
/* End PBXFrameworksBuildPhase section */

/* Begin PBXGroup section */
		CD03D6DD2C1C288000E46228 = {
			isa = PBXGroup;
			children = (
				CD03D6E82C1C288000E46228 /* MovieApp */,
				CD03D6E72C1C288000E46228 /* Products */,
			);
			sourceTree = "<group>";
		};
		CD03D6E72C1C288000E46228 /* Products */ = {
			isa = PBXGroup;
			children = (
				CD03D6E62C1C288000E46228 /* MovieApp.app */,
			);
			name = Products;
			sourceTree = "<group>";
		};
		CD03D6E82C1C288000E46228 /* MovieApp */ = {
			isa = PBXGroup;
			children = (
				CDEC97382C2DB1310084B3A0 /* Service */,
				CD03D70A2C1C29E300E46228 /* Extension */,
				CD03D7022C1C28E500E46228 /* Model */,
				CD03D7032C1C28E900E46228 /* ViewModel */,
				CD03D7012C1C28E000E46228 /* View */,
				CD03D6E92C1C288000E46228 /* AppDelegate.swift */,
				CD03D6EB2C1C288000E46228 /* SceneDelegate.swift */,
				CD03D6F52C1C288100E46228 /* Assets.xcassets */,
				CD03D6F72C1C288100E46228 /* LaunchScreen.storyboard */,
				CD03D6FA2C1C288100E46228 /* Info.plist */,
				CD40EC5D2C2BB03C0054D687 /* Config.xcconfig */,
			);
			path = MovieApp;
			sourceTree = "<group>";
		};
		CD03D7012C1C28E000E46228 /* View */ = {
			isa = PBXGroup;
			children = (
				CD900BDB2C2027EF00FDC454 /* Cell */,
				CD03D7042C1C28F700E46228 /* MovieHomeView.swift */,
				CD900BE02C20390900FDC454 /* MovieDetailView.swift */,
				CD40EC602C2BEDBB0054D687 /* MovieTrailerView.swift */,
			);
			path = View;
			sourceTree = "<group>";
		};
		CD03D7022C1C28E500E46228 /* Model */ = {
			isa = PBXGroup;
			children = (
				CD03D7062C1C299800E46228 /* MovieModel.swift */,
				CD89AE672C2C4B2800A691CF /* TrailerModel.swift */,
			);
			path = Model;
			sourceTree = "<group>";
		};
		CD03D7032C1C28E900E46228 /* ViewModel */ = {
			isa = PBXGroup;
			children = (
				CD03D7082C1C29A400E46228 /* MovieHomeViewModel.swift */,
				CD900BE22C20391100FDC454 /* MovieDetailViewModel.swift */,
				CD40EC622C2BEDD50054D687 /* MovieTrailerViewModel.swift */,
			);
			path = ViewModel;
			sourceTree = "<group>";
		};
		CD03D70A2C1C29E300E46228 /* Extension */ = {
			isa = PBXGroup;
			children = (
				CD4FDFA62C1D9DA20008CD52 /* ErrorExtension.swift */,
				CDBBDFD72C36BA0B00617F6D /* Util.swift */,
			);
			path = Extension;
			sourceTree = "<group>";
		};
		CD900BDB2C2027EF00FDC454 /* Cell */ = {
			isa = PBXGroup;
			children = (
				CD900BDC2C2027F900FDC454 /* MovieTableViewCell.swift */,
			);
			path = Cell;
			sourceTree = "<group>";
		};
		CDEC97382C2DB1310084B3A0 /* Service */ = {
			isa = PBXGroup;
			children = (
				CDEC97392C2DB1380084B3A0 /* MovieService.swift */,
			);
			path = Service;
			sourceTree = "<group>";
		};
/* End PBXGroup section */

/* Begin PBXNativeTarget section */
		CD03D6E52C1C288000E46228 /* MovieApp */ = {
			isa = PBXNativeTarget;
			buildConfigurationList = CD03D6FD2C1C288100E46228 /* Build configuration list for PBXNativeTarget "MovieApp" */;
			buildPhases = (
				CD03D6E22C1C288000E46228 /* Sources */,
				CD03D6E32C1C288000E46228 /* Frameworks */,
				CD03D6E42C1C288000E46228 /* Resources */,
			);
			buildRules = (
			);
			dependencies = (
			);
			name = MovieApp;
			productName = MovieApp;
			productReference = CD03D6E62C1C288000E46228 /* MovieApp.app */;
			productType = "com.apple.product-type.application";
		};
/* End PBXNativeTarget section */

/* Begin PBXProject section */
		CD03D6DE2C1C288000E46228 /* Project object */ = {
			isa = PBXProject;
			attributes = {
				BuildIndependentTargetsInParallel = 1;
				LastSwiftUpdateCheck = 1540;
				LastUpgradeCheck = 1540;
				TargetAttributes = {
					CD03D6E52C1C288000E46228 = {
						CreatedOnToolsVersion = 15.4;
					};
				};
			};
			buildConfigurationList = CD03D6E12C1C288000E46228 /* Build configuration list for PBXProject "MovieApp" */;
			compatibilityVersion = "Xcode 14.0";
			developmentRegion = en;
			hasScannedForEncodings = 0;
			knownRegions = (
				en,
				Base,
			);
			mainGroup = CD03D6DD2C1C288000E46228;
			productRefGroup = CD03D6E72C1C288000E46228 /* Products */;
			projectDirPath = "";
			projectRoot = "";
			targets = (
				CD03D6E52C1C288000E46228 /* MovieApp */,
			);
		};
/* End PBXProject section */

/* Begin PBXResourcesBuildPhase section */
		CD03D6E42C1C288000E46228 /* Resources */ = {
			isa = PBXResourcesBuildPhase;
			buildActionMask = 2147483647;
			files = (
				CD03D6F62C1C288100E46228 /* Assets.xcassets in Resources */,
				CD03D6F92C1C288100E46228 /* Base in Resources */,
			);
			runOnlyForDeploymentPostprocessing = 0;
		};
/* End PBXResourcesBuildPhase section */

/* Begin PBXSourcesBuildPhase section */
		CD03D6E22C1C288000E46228 /* Sources */ = {
			isa = PBXSourcesBuildPhase;
			buildActionMask = 2147483647;
			files = (
				CD03D7072C1C299800E46228 /* MovieModel.swift in Sources */,
				CD03D7052C1C28F700E46228 /* MovieHomeView.swift in Sources */,
				CD40EC612C2BEDBB0054D687 /* MovieTrailerView.swift in Sources */,
				CD03D7092C1C29A400E46228 /* MovieHomeViewModel.swift in Sources */,
				CD03D6EA2C1C288000E46228 /* AppDelegate.swift in Sources */,
				CD89AE682C2C4B2800A691CF /* TrailerModel.swift in Sources */,
				CD4FDFA72C1D9DA20008CD52 /* ErrorExtension.swift in Sources */,
				CD900BE12C20390900FDC454 /* MovieDetailView.swift in Sources */,
				CDEC973A2C2DB1380084B3A0 /* MovieService.swift in Sources */,
				CD03D6EC2C1C288000E46228 /* SceneDelegate.swift in Sources */,
				CD40EC632C2BEDD50054D687 /* MovieTrailerViewModel.swift in Sources */,
				CDBBDFD82C36BA0B00617F6D /* Util.swift in Sources */,
				CD900BDD2C2027F900FDC454 /* MovieTableViewCell.swift in Sources */,
				CD900BE32C20391100FDC454 /* MovieDetailViewModel.swift in Sources */,
			);
			runOnlyForDeploymentPostprocessing = 0;
		};
/* End PBXSourcesBuildPhase section */

/* Begin PBXVariantGroup section */
		CD03D6F72C1C288100E46228 /* LaunchScreen.storyboard */ = {
			isa = PBXVariantGroup;
			children = (
				CD03D6F82C1C288100E46228 /* Base */,
			);
			name = LaunchScreen.storyboard;
			sourceTree = "<group>";
		};
/* End PBXVariantGroup section */

/* Begin XCBuildConfiguration section */
		CD03D6FB2C1C288100E46228 /* Debug */ = {
			isa = XCBuildConfiguration;
			buildSettings = {
				ALWAYS_SEARCH_USER_PATHS = NO;
				ASSETCATALOG_COMPILER_GENERATE_SWIFT_ASSET_SYMBOL_EXTENSIONS = YES;
				CLANG_ANALYZER_NONNULL = YES;
				CLANG_ANALYZER_NUMBER_OBJECT_CONVERSION = YES_AGGRESSIVE;
				CLANG_CXX_LANGUAGE_STANDARD = "gnu++20";
				CLANG_ENABLE_MODULES = YES;
				CLANG_ENABLE_OBJC_ARC = YES;
				CLANG_ENABLE_OBJC_WEAK = YES;
				CLANG_WARN_BLOCK_CAPTURE_AUTORELEASING = YES;
				CLANG_WARN_BOOL_CONVERSION = YES;
				CLANG_WARN_COMMA = YES;
				CLANG_WARN_CONSTANT_CONVERSION = YES;
				CLANG_WARN_DEPRECATED_OBJC_IMPLEMENTATIONS = YES;
				CLANG_WARN_DIRECT_OBJC_ISA_USAGE = YES_ERROR;
				CLANG_WARN_DOCUMENTATION_COMMENTS = YES;
				CLANG_WARN_EMPTY_BODY = YES;
				CLANG_WARN_ENUM_CONVERSION = YES;
				CLANG_WARN_INFINITE_RECURSION = YES;
				CLANG_WARN_INT_CONVERSION = YES;
				CLANG_WARN_NON_LITERAL_NULL_CONVERSION = YES;
				CLANG_WARN_OBJC_IMPLICIT_RETAIN_SELF = YES;
				CLANG_WARN_OBJC_LITERAL_CONVERSION = YES;
				CLANG_WARN_OBJC_ROOT_CLASS = YES_ERROR;
				CLANG_WARN_QUOTED_INCLUDE_IN_FRAMEWORK_HEADER = YES;
				CLANG_WARN_RANGE_LOOP_ANALYSIS = YES;
				CLANG_WARN_STRICT_PROTOTYPES = YES;
				CLANG_WARN_SUSPICIOUS_MOVE = YES;
				CLANG_WARN_UNGUARDED_AVAILABILITY = YES_AGGRESSIVE;
				CLANG_WARN_UNREACHABLE_CODE = YES;
				CLANG_WARN__DUPLICATE_METHOD_MATCH = YES;
				COPY_PHASE_STRIP = NO;
				DEBUG_INFORMATION_FORMAT = dwarf;
				ENABLE_STRICT_OBJC_MSGSEND = YES;
				ENABLE_TESTABILITY = YES;
				ENABLE_USER_SCRIPT_SANDBOXING = YES;
				GCC_C_LANGUAGE_STANDARD = gnu17;
				GCC_DYNAMIC_NO_PIC = NO;
				GCC_NO_COMMON_BLOCKS = YES;
				GCC_OPTIMIZATION_LEVEL = 0;
				GCC_PREPROCESSOR_DEFINITIONS = (
					"DEBUG=1",
					"$(inherited)",
				);
				GCC_WARN_64_TO_32_BIT_CONVERSION = YES;
				GCC_WARN_ABOUT_RETURN_TYPE = YES_ERROR;
				GCC_WARN_UNDECLARED_SELECTOR = YES;
				GCC_WARN_UNINITIALIZED_AUTOS = YES_AGGRESSIVE;
				GCC_WARN_UNUSED_FUNCTION = YES;
				GCC_WARN_UNUSED_VARIABLE = YES;
				IPHONEOS_DEPLOYMENT_TARGET = 17.5;
				LOCALIZATION_PREFERS_STRING_CATALOGS = YES;
				MTL_ENABLE_DEBUG_INFO = INCLUDE_SOURCE;
				MTL_FAST_MATH = YES;
				ONLY_ACTIVE_ARCH = YES;
				SDKROOT = iphoneos;
				SWIFT_ACTIVE_COMPILATION_CONDITIONS = "DEBUG $(inherited)";
				SWIFT_OPTIMIZATION_LEVEL = "-Onone";
			};
			name = Debug;
		};
		CD03D6FC2C1C288100E46228 /* Release */ = {
			isa = XCBuildConfiguration;
			buildSettings = {
				ALWAYS_SEARCH_USER_PATHS = NO;
				ASSETCATALOG_COMPILER_GENERATE_SWIFT_ASSET_SYMBOL_EXTENSIONS = YES;
				CLANG_ANALYZER_NONNULL = YES;
				CLANG_ANALYZER_NUMBER_OBJECT_CONVERSION = YES_AGGRESSIVE;
				CLANG_CXX_LANGUAGE_STANDARD = "gnu++20";
				CLANG_ENABLE_MODULES = YES;
				CLANG_ENABLE_OBJC_ARC = YES;
				CLANG_ENABLE_OBJC_WEAK = YES;
				CLANG_WARN_BLOCK_CAPTURE_AUTORELEASING = YES;
				CLANG_WARN_BOOL_CONVERSION = YES;
				CLANG_WARN_COMMA = YES;
				CLANG_WARN_CONSTANT_CONVERSION = YES;
				CLANG_WARN_DEPRECATED_OBJC_IMPLEMENTATIONS = YES;
				CLANG_WARN_DIRECT_OBJC_ISA_USAGE = YES_ERROR;
				CLANG_WARN_DOCUMENTATION_COMMENTS = YES;
				CLANG_WARN_EMPTY_BODY = YES;
				CLANG_WARN_ENUM_CONVERSION = YES;
				CLANG_WARN_INFINITE_RECURSION = YES;
				CLANG_WARN_INT_CONVERSION = YES;
				CLANG_WARN_NON_LITERAL_NULL_CONVERSION = YES;
				CLANG_WARN_OBJC_IMPLICIT_RETAIN_SELF = YES;
				CLANG_WARN_OBJC_LITERAL_CONVERSION = YES;
				CLANG_WARN_OBJC_ROOT_CLASS = YES_ERROR;
				CLANG_WARN_QUOTED_INCLUDE_IN_FRAMEWORK_HEADER = YES;
				CLANG_WARN_RANGE_LOOP_ANALYSIS = YES;
				CLANG_WARN_STRICT_PROTOTYPES = YES;
				CLANG_WARN_SUSPICIOUS_MOVE = YES;
				CLANG_WARN_UNGUARDED_AVAILABILITY = YES_AGGRESSIVE;
				CLANG_WARN_UNREACHABLE_CODE = YES;
				CLANG_WARN__DUPLICATE_METHOD_MATCH = YES;
				COPY_PHASE_STRIP = NO;
				DEBUG_INFORMATION_FORMAT = "dwarf-with-dsym";
				ENABLE_NS_ASSERTIONS = NO;
				ENABLE_STRICT_OBJC_MSGSEND = YES;
				ENABLE_USER_SCRIPT_SANDBOXING = YES;
				GCC_C_LANGUAGE_STANDARD = gnu17;
				GCC_NO_COMMON_BLOCKS = YES;
				GCC_WARN_64_TO_32_BIT_CONVERSION = YES;
				GCC_WARN_ABOUT_RETURN_TYPE = YES_ERROR;
				GCC_WARN_UNDECLARED_SELECTOR = YES;
				GCC_WARN_UNINITIALIZED_AUTOS = YES_AGGRESSIVE;
				GCC_WARN_UNUSED_FUNCTION = YES;
				GCC_WARN_UNUSED_VARIABLE = YES;
				IPHONEOS_DEPLOYMENT_TARGET = 17.5;
				LOCALIZATION_PREFERS_STRING_CATALOGS = YES;
				MTL_ENABLE_DEBUG_INFO = NO;
				MTL_FAST_MATH = YES;
				SDKROOT = iphoneos;
				SWIFT_COMPILATION_MODE = wholemodule;
				VALIDATE_PRODUCT = YES;
			};
			name = Release;
		};
		CD03D6FE2C1C288100E46228 /* Debug */ = {
			isa = XCBuildConfiguration;
			baseConfigurationReference = CD40EC5D2C2BB03C0054D687 /* Config.xcconfig */;
			buildSettings = {
				ASSETCATALOG_COMPILER_APPICON_NAME = AppIcon;
				ASSETCATALOG_COMPILER_GLOBAL_ACCENT_COLOR_NAME = AccentColor;
				CODE_SIGN_STYLE = Automatic;
				CURRENT_PROJECT_VERSION = 1;
				DEVELOPMENT_TEAM = N954XS4D2X;
				GENERATE_INFOPLIST_FILE = YES;
				INFOPLIST_FILE = MovieApp/Info.plist;
				INFOPLIST_KEY_LSApplicationCategoryType = "public.app-category.video";
				INFOPLIST_KEY_UIApplicationSupportsIndirectInputEvents = YES;
				INFOPLIST_KEY_UILaunchStoryboardName = LaunchScreen;
				INFOPLIST_KEY_UISupportedInterfaceOrientations_iPad = "UIInterfaceOrientationPortrait UIInterfaceOrientationPortraitUpsideDown UIInterfaceOrientationLandscapeLeft UIInterfaceOrientationLandscapeRight";
				INFOPLIST_KEY_UISupportedInterfaceOrientations_iPhone = "UIInterfaceOrientationPortrait UIInterfaceOrientationLandscapeLeft UIInterfaceOrientationLandscapeRight";
				IPHONEOS_DEPLOYMENT_TARGET = 17.4;
				LD_RUNPATH_SEARCH_PATHS = (
					"$(inherited)",
					"@executable_path/Frameworks",
				);
				MARKETING_VERSION = 1.0;
				PRODUCT_BUNDLE_IDENTIFIER = kr.co.madcow.trailerMovie;
				PRODUCT_NAME = "$(TARGET_NAME)";
				SWIFT_EMIT_LOC_STRINGS = YES;
				SWIFT_VERSION = 5.0;
				TARGETED_DEVICE_FAMILY = "1,2";
			};
			name = Debug;
		};
		CD03D6FF2C1C288100E46228 /* Release */ = {
			isa = XCBuildConfiguration;
			baseConfigurationReference = CD40EC5D2C2BB03C0054D687 /* Config.xcconfig */;
			buildSettings = {
				ASSETCATALOG_COMPILER_APPICON_NAME = AppIcon;
				ASSETCATALOG_COMPILER_GLOBAL_ACCENT_COLOR_NAME = AccentColor;
				CODE_SIGN_STYLE = Automatic;
				CURRENT_PROJECT_VERSION = 1;
				DEVELOPMENT_TEAM = N954XS4D2X;
				GENERATE_INFOPLIST_FILE = YES;
				INFOPLIST_FILE = MovieApp/Info.plist;
				INFOPLIST_KEY_LSApplicationCategoryType = "public.app-category.video";
				INFOPLIST_KEY_UIApplicationSupportsIndirectInputEvents = YES;
				INFOPLIST_KEY_UILaunchStoryboardName = LaunchScreen;
				INFOPLIST_KEY_UISupportedInterfaceOrientations_iPad = "UIInterfaceOrientationPortrait UIInterfaceOrientationPortraitUpsideDown UIInterfaceOrientationLandscapeLeft UIInterfaceOrientationLandscapeRight";
				INFOPLIST_KEY_UISupportedInterfaceOrientations_iPhone = "UIInterfaceOrientationPortrait UIInterfaceOrientationLandscapeLeft UIInterfaceOrientationLandscapeRight";
				IPHONEOS_DEPLOYMENT_TARGET = 17.4;
				LD_RUNPATH_SEARCH_PATHS = (
					"$(inherited)",
					"@executable_path/Frameworks",
				);
				MARKETING_VERSION = 1.0;
				PRODUCT_BUNDLE_IDENTIFIER = kr.co.madcow.trailerMovie;
				PRODUCT_NAME = "$(TARGET_NAME)";
				SWIFT_EMIT_LOC_STRINGS = YES;
				SWIFT_VERSION = 5.0;
				TARGETED_DEVICE_FAMILY = "1,2";
			};
			name = Release;
		};
/* End XCBuildConfiguration section */

/* Begin XCConfigurationList section */
		CD03D6E12C1C288000E46228 /* Build configuration list for PBXProject "MovieApp" */ = {
			isa = XCConfigurationList;
			buildConfigurations = (
				CD03D6FB2C1C288100E46228 /* Debug */,
				CD03D6FC2C1C288100E46228 /* Release */,
			);
			defaultConfigurationIsVisible = 0;
			defaultConfigurationName = Release;
		};
		CD03D6FD2C1C288100E46228 /* Build configuration list for PBXNativeTarget "MovieApp" */ = {
			isa = XCConfigurationList;
			buildConfigurations = (
				CD03D6FE2C1C288100E46228 /* Debug */,
				CD03D6FF2C1C288100E46228 /* Release */,
			);
			defaultConfigurationIsVisible = 0;
			defaultConfigurationName = Release;
		};
/* End XCConfigurationList section */
	};
	rootObject = CD03D6DE2C1C288000E46228 /* Project object */;
}
