// !$*UTF8*$!
{
	archiveVersion = 1;
	classes = {
	};
	objectVersion = 77;
	objects = {

/* Begin PBXContainerItemProxy section */
		CD9A55562CCD17D100BC2325 /* PBXContainerItemProxy */ = {
			isa = PBXContainerItemProxy;
			containerPortal = CD9A553D2CCD17D000BC2325 /* Project object */;
			proxyType = 1;
			remoteGlobalIDString = CD9A55442CCD17D000BC2325;
			remoteInfo = SwiftUI_Reset;
		};
		CD9A55602CCD17D100BC2325 /* PBXContainerItemProxy */ = {
			isa = PBXContainerItemProxy;
			containerPortal = CD9A553D2CCD17D000BC2325 /* Project object */;
			proxyType = 1;
			remoteGlobalIDString = CD9A55442CCD17D000BC2325;
			remoteInfo = SwiftUI_Reset;
		};
/* End PBXContainerItemProxy section */

/* Begin PBXFileReference section */
		CD9A55452CCD17D000BC2325 /* SwiftUI_Reset.app */ = {isa = PBXFileReference; explicitFileType = wrapper.application; includeInIndex = 0; path = SwiftUI_Reset.app; sourceTree = BUILT_PRODUCTS_DIR; };
		CD9A55552CCD17D100BC2325 /* SwiftUI_ResetTests.xctest */ = {isa = PBXFileReference; explicitFileType = wrapper.cfbundle; includeInIndex = 0; path = SwiftUI_ResetTests.xctest; sourceTree = BUILT_PRODUCTS_DIR; };
		CD9A555F2CCD17D100BC2325 /* SwiftUI_ResetUITests.xctest */ = {isa = PBXFileReference; explicitFileType = wrapper.cfbundle; includeInIndex = 0; path = SwiftUI_ResetUITests.xctest; sourceTree = BUILT_PRODUCTS_DIR; };
/* End PBXFileReference section */

/* Begin PBXFileSystemSynchronizedRootGroup section */
		CD9A55472CCD17D000BC2325 /* SwiftUI_Reset */ = {
			isa = PBXFileSystemSynchronizedRootGroup;
			path = SwiftUI_Reset;
			sourceTree = "<group>";
		};
		CD9A55582CCD17D100BC2325 /* SwiftUI_ResetTests */ = {
			isa = PBXFileSystemSynchronizedRootGroup;
			path = SwiftUI_ResetTests;
			sourceTree = "<group>";
		};
		CD9A55622CCD17D100BC2325 /* SwiftUI_ResetUITests */ = {
			isa = PBXFileSystemSynchronizedRootGroup;
			path = SwiftUI_ResetUITests;
			sourceTree = "<group>";
		};
/* End PBXFileSystemSynchronizedRootGroup section */

/* Begin PBXFrameworksBuildPhase section */
		CD9A55422CCD17D000BC2325 /* Frameworks */ = {
			isa = PBXFrameworksBuildPhase;
			buildActionMask = 2147483647;
			files = (
			);
			runOnlyForDeploymentPostprocessing = 0;
		};
		CD9A55522CCD17D100BC2325 /* Frameworks */ = {
			isa = PBXFrameworksBuildPhase;
			buildActionMask = 2147483647;
			files = (
			);
			runOnlyForDeploymentPostprocessing = 0;
		};
		CD9A555C2CCD17D100BC2325 /* Frameworks */ = {
			isa = PBXFrameworksBuildPhase;
			buildActionMask = 2147483647;
			files = (
			);
			runOnlyForDeploymentPostprocessing = 0;
		};
/* End PBXFrameworksBuildPhase section */

/* Begin PBXGroup section */
		CD9A553C2CCD17D000BC2325 = {
			isa = PBXGroup;
			children = (
				CD9A55472CCD17D000BC2325 /* SwiftUI_Reset */,
				CD9A55582CCD17D100BC2325 /* SwiftUI_ResetTests */,
				CD9A55622CCD17D100BC2325 /* SwiftUI_ResetUITests */,
				CD9A55462CCD17D000BC2325 /* Products */,
			);
			sourceTree = "<group>";
		};
		CD9A55462CCD17D000BC2325 /* Products */ = {
			isa = PBXGroup;
			children = (
				CD9A55452CCD17D000BC2325 /* SwiftUI_Reset.app */,
				CD9A55552CCD17D100BC2325 /* SwiftUI_ResetTests.xctest */,
				CD9A555F2CCD17D100BC2325 /* SwiftUI_ResetUITests.xctest */,
			);
			name = Products;
			sourceTree = "<group>";
		};
/* End PBXGroup section */

/* Begin PBXNativeTarget section */
		CD9A55442CCD17D000BC2325 /* SwiftUI_Reset */ = {
			isa = PBXNativeTarget;
			buildConfigurationList = CD9A55692CCD17D100BC2325 /* Build configuration list for PBXNativeTarget "SwiftUI_Reset" */;
			buildPhases = (
				CD9A55412CCD17D000BC2325 /* Sources */,
				CD9A55422CCD17D000BC2325 /* Frameworks */,
				CD9A55432CCD17D000BC2325 /* Resources */,
			);
			buildRules = (
			);
			dependencies = (
			);
			fileSystemSynchronizedGroups = (
				CD9A55472CCD17D000BC2325 /* SwiftUI_Reset */,
			);
			name = SwiftUI_Reset;
			packageProductDependencies = (
			);
			productName = SwiftUI_Reset;
			productReference = CD9A55452CCD17D000BC2325 /* SwiftUI_Reset.app */;
			productType = "com.apple.product-type.application";
		};
		CD9A55542CCD17D100BC2325 /* SwiftUI_ResetTests */ = {
			isa = PBXNativeTarget;
			buildConfigurationList = CD9A556C2CCD17D100BC2325 /* Build configuration list for PBXNativeTarget "SwiftUI_ResetTests" */;
			buildPhases = (
				CD9A55512CCD17D100BC2325 /* Sources */,
				CD9A55522CCD17D100BC2325 /* Frameworks */,
				CD9A55532CCD17D100BC2325 /* Resources */,
			);
			buildRules = (
			);
			dependencies = (
				CD9A55572CCD17D100BC2325 /* PBXTargetDependency */,
			);
			fileSystemSynchronizedGroups = (
				CD9A55582CCD17D100BC2325 /* SwiftUI_ResetTests */,
			);
			name = SwiftUI_ResetTests;
			packageProductDependencies = (
			);
			productName = SwiftUI_ResetTests;
			productReference = CD9A55552CCD17D100BC2325 /* SwiftUI_ResetTests.xctest */;
			productType = "com.apple.product-type.bundle.unit-test";
		};
		CD9A555E2CCD17D100BC2325 /* SwiftUI_ResetUITests */ = {
			isa = PBXNativeTarget;
			buildConfigurationList = CD9A556F2CCD17D100BC2325 /* Build configuration list for PBXNativeTarget "SwiftUI_ResetUITests" */;
			buildPhases = (
				CD9A555B2CCD17D100BC2325 /* Sources */,
				CD9A555C2CCD17D100BC2325 /* Frameworks */,
				CD9A555D2CCD17D100BC2325 /* Resources */,
			);
			buildRules = (
			);
			dependencies = (
				CD9A55612CCD17D100BC2325 /* PBXTargetDependency */,
			);
			fileSystemSynchronizedGroups = (
				CD9A55622CCD17D100BC2325 /* SwiftUI_ResetUITests */,
			);
			name = SwiftUI_ResetUITests;
			packageProductDependencies = (
			);
			productName = SwiftUI_ResetUITests;
			productReference = CD9A555F2CCD17D100BC2325 /* SwiftUI_ResetUITests.xctest */;
			productType = "com.apple.product-type.bundle.ui-testing";
		};
/* End PBXNativeTarget section */

/* Begin PBXProject section */
		CD9A553D2CCD17D000BC2325 /* Project object */ = {
			isa = PBXProject;
			attributes = {
				BuildIndependentTargetsInParallel = 1;
				LastSwiftUpdateCheck = 1600;
				LastUpgradeCheck = 1600;
				TargetAttributes = {
					CD9A55442CCD17D000BC2325 = {
						CreatedOnToolsVersion = 16.0;
					};
					CD9A55542CCD17D100BC2325 = {
						CreatedOnToolsVersion = 16.0;
						TestTargetID = CD9A55442CCD17D000BC2325;
					};
					CD9A555E2CCD17D100BC2325 = {
						CreatedOnToolsVersion = 16.0;
						TestTargetID = CD9A55442CCD17D000BC2325;
					};
				};
			};
			buildConfigurationList = CD9A55402CCD17D000BC2325 /* Build configuration list for PBXProject "SwiftUI_Reset" */;
			developmentRegion = en;
			hasScannedForEncodings = 0;
			knownRegions = (
				en,
				Base,
			);
			mainGroup = CD9A553C2CCD17D000BC2325;
			minimizedProjectReferenceProxies = 1;
			preferredProjectObjectVersion = 77;
			productRefGroup = CD9A55462CCD17D000BC2325 /* Products */;
			projectDirPath = "";
			projectRoot = "";
			targets = (
				CD9A55442CCD17D000BC2325 /* SwiftUI_Reset */,
				CD9A55542CCD17D100BC2325 /* SwiftUI_ResetTests */,
				CD9A555E2CCD17D100BC2325 /* SwiftUI_ResetUITests */,
			);
		};
/* End PBXProject section */

/* Begin PBXResourcesBuildPhase section */
		CD9A55432CCD17D000BC2325 /* Resources */ = {
			isa = PBXResourcesBuildPhase;
			buildActionMask = 2147483647;
			files = (
			);
			runOnlyForDeploymentPostprocessing = 0;
		};
		CD9A55532CCD17D100BC2325 /* Resources */ = {
			isa = PBXResourcesBuildPhase;
			buildActionMask = 2147483647;
			files = (
			);
			runOnlyForDeploymentPostprocessing = 0;
		};
		CD9A555D2CCD17D100BC2325 /* Resources */ = {
			isa = PBXResourcesBuildPhase;
			buildActionMask = 2147483647;
			files = (
			);
			runOnlyForDeploymentPostprocessing = 0;
		};
/* End PBXResourcesBuildPhase section */

/* Begin PBXSourcesBuildPhase section */
		CD9A55412CCD17D000BC2325 /* Sources */ = {
			isa = PBXSourcesBuildPhase;
			buildActionMask = 2147483647;
			files = (
			);
			runOnlyForDeploymentPostprocessing = 0;
		};
		CD9A55512CCD17D100BC2325 /* Sources */ = {
			isa = PBXSourcesBuildPhase;
			buildActionMask = 2147483647;
			files = (
			);
			runOnlyForDeploymentPostprocessing = 0;
		};
		CD9A555B2CCD17D100BC2325 /* Sources */ = {
			isa = PBXSourcesBuildPhase;
			buildActionMask = 2147483647;
			files = (
			);
			runOnlyForDeploymentPostprocessing = 0;
		};
/* End PBXSourcesBuildPhase section */

/* Begin PBXTargetDependency section */
		CD9A55572CCD17D100BC2325 /* PBXTargetDependency */ = {
			isa = PBXTargetDependency;
			target = CD9A55442CCD17D000BC2325 /* SwiftUI_Reset */;
			targetProxy = CD9A55562CCD17D100BC2325 /* PBXContainerItemProxy */;
		};
		CD9A55612CCD17D100BC2325 /* PBXTargetDependency */ = {
			isa = PBXTargetDependency;
			target = CD9A55442CCD17D000BC2325 /* SwiftUI_Reset */;
			targetProxy = CD9A55602CCD17D100BC2325 /* PBXContainerItemProxy */;
		};
/* End PBXTargetDependency section */

/* Begin XCBuildConfiguration section */
		CD9A55672CCD17D100BC2325 /* Debug */ = {
			isa = XCBuildConfiguration;
			buildSettings = {
				ALWAYS_SEARCH_USER_PATHS = NO;
				ASSETCATALOG_COMPILER_GENERATE_SWIFT_ASSET_SYMBOL_EXTENSIONS = YES;
				CLANG_ANALYZER_NONNULL = YES;
				CLANG_ANALYZER_NUMBER_OBJECT_CONVERSION = YES_AGGRESSIVE;
				CLANG_CXX_LANGUAGE_STANDARD = "gnu++20";
				CLANG_ENABLE_MODULES = YES;
				CLANG_ENABLE_OBJC_ARC = YES;
				CLANG_ENABLE_OBJC_WEAK = YES;
				CLANG_WARN_BLOCK_CAPTURE_AUTORELEASING = YES;
				CLANG_WARN_BOOL_CONVERSION = YES;
				CLANG_WARN_COMMA = YES;
				CLANG_WARN_CONSTANT_CONVERSION = YES;
				CLANG_WARN_DEPRECATED_OBJC_IMPLEMENTATIONS = YES;
				CLANG_WARN_DIRECT_OBJC_ISA_USAGE = YES_ERROR;
				CLANG_WARN_DOCUMENTATION_COMMENTS = YES;
				CLANG_WARN_EMPTY_BODY = YES;
				CLANG_WARN_ENUM_CONVERSION = YES;
				CLANG_WARN_INFINITE_RECURSION = YES;
				CLANG_WARN_INT_CONVERSION = YES;
				CLANG_WARN_NON_LITERAL_NULL_CONVERSION = YES;
				CLANG_WARN_OBJC_IMPLICIT_RETAIN_SELF = YES;
				CLANG_WARN_OBJC_LITERAL_CONVERSION = YES;
				CLANG_WARN_OBJC_ROOT_CLASS = YES_ERROR;
				CLANG_WARN_QUOTED_INCLUDE_IN_FRAMEWORK_HEADER = YES;
				CLANG_WARN_RANGE_LOOP_ANALYSIS = YES;
				CLANG_WARN_STRICT_PROTOTYPES = YES;
				CLANG_WARN_SUSPICIOUS_MOVE = YES;
				CLANG_WARN_UNGUARDED_AVAILABILITY = YES_AGGRESSIVE;
				CLANG_WARN_UNREACHABLE_CODE = YES;
				CLANG_WARN__DUPLICATE_METHOD_MATCH = YES;
				COPY_PHASE_STRIP = NO;
				DEBUG_INFORMATION_FORMAT = dwarf;
				ENABLE_STRICT_OBJC_MSGSEND = YES;
				ENABLE_TESTABILITY = YES;
				ENABLE_USER_SCRIPT_SANDBOXING = YES;
				GCC_C_LANGUAGE_STANDARD = gnu17;
				GCC_DYNAMIC_NO_PIC = NO;
				GCC_NO_COMMON_BLOCKS = YES;
				GCC_OPTIMIZATION_LEVEL = 0;
				GCC_PREPROCESSOR_DEFINITIONS = (
					"DEBUG=1",
					"$(inherited)",
				);
				GCC_WARN_64_TO_32_BIT_CONVERSION = YES;
				GCC_WARN_ABOUT_RETURN_TYPE = YES_ERROR;
				GCC_WARN_UNDECLARED_SELECTOR = YES;
				GCC_WARN_UNINITIALIZED_AUTOS = YES_AGGRESSIVE;
				GCC_WARN_UNUSED_FUNCTION = YES;
				GCC_WARN_UNUSED_VARIABLE = YES;
				IPHONEOS_DEPLOYMENT_TARGET = 18.0;
				LOCALIZATION_PREFERS_STRING_CATALOGS = YES;
				MTL_ENABLE_DEBUG_INFO = INCLUDE_SOURCE;
				MTL_FAST_MATH = YES;
				ONLY_ACTIVE_ARCH = YES;
				SDKROOT = iphoneos;
				SWIFT_ACTIVE_COMPILATION_CONDITIONS = "DEBUG $(inherited)";
				SWIFT_OPTIMIZATION_LEVEL = "-Onone";
			};
			name = Debug;
		};
		CD9A55682CCD17D100BC2325 /* Release */ = {
			isa = XCBuildConfiguration;
			buildSettings = {
				ALWAYS_SEARCH_USER_PATHS = NO;
				ASSETCATALOG_COMPILER_GENERATE_SWIFT_ASSET_SYMBOL_EXTENSIONS = YES;
				CLANG_ANALYZER_NONNULL = YES;
				CLANG_ANALYZER_NUMBER_OBJECT_CONVERSION = YES_AGGRESSIVE;
				CLANG_CXX_LANGUAGE_STANDARD = "gnu++20";
				CLANG_ENABLE_MODULES = YES;
				CLANG_ENABLE_OBJC_ARC = YES;
				CLANG_ENABLE_OBJC_WEAK = YES;
				CLANG_WARN_BLOCK_CAPTURE_AUTORELEASING = YES;
				CLANG_WARN_BOOL_CONVERSION = YES;
				CLANG_WARN_COMMA = YES;
				CLANG_WARN_CONSTANT_CONVERSION = YES;
				CLANG_WARN_DEPRECATED_OBJC_IMPLEMENTATIONS = YES;
				CLANG_WARN_DIRECT_OBJC_ISA_USAGE = YES_ERROR;
				CLANG_WARN_DOCUMENTATION_COMMENTS = YES;
				CLANG_WARN_EMPTY_BODY = YES;
				CLANG_WARN_ENUM_CONVERSION = YES;
				CLANG_WARN_INFINITE_RECURSION = YES;
				CLANG_WARN_INT_CONVERSION = YES;
				CLANG_WARN_NON_LITERAL_NULL_CONVERSION = YES;
				CLANG_WARN_OBJC_IMPLICIT_RETAIN_SELF = YES;
				CLANG_WARN_OBJC_LITERAL_CONVERSION = YES;
				CLANG_WARN_OBJC_ROOT_CLASS = YES_ERROR;
				CLANG_WARN_QUOTED_INCLUDE_IN_FRAMEWORK_HEADER = YES;
				CLANG_WARN_RANGE_LOOP_ANALYSIS = YES;
				CLANG_WARN_STRICT_PROTOTYPES = YES;
				CLANG_WARN_SUSPICIOUS_MOVE = YES;
				CLANG_WARN_UNGUARDED_AVAILABILITY = YES_AGGRESSIVE;
				CLANG_WARN_UNREACHABLE_CODE = YES;
				CLANG_WARN__DUPLICATE_METHOD_MATCH = YES;
				COPY_PHASE_STRIP = NO;
				DEBUG_INFORMATION_FORMAT = "dwarf-with-dsym";
				ENABLE_NS_ASSERTIONS = NO;
				ENABLE_STRICT_OBJC_MSGSEND = YES;
				ENABLE_USER_SCRIPT_SANDBOXING = YES;
				GCC_C_LANGUAGE_STANDARD = gnu17;
				GCC_NO_COMMON_BLOCKS = YES;
				GCC_WARN_64_TO_32_BIT_CONVERSION = YES;
				GCC_WARN_ABOUT_RETURN_TYPE = YES_ERROR;
				GCC_WARN_UNDECLARED_SELECTOR = YES;
				GCC_WARN_UNINITIALIZED_AUTOS = YES_AGGRESSIVE;
				GCC_WARN_UNUSED_FUNCTION = YES;
				GCC_WARN_UNUSED_VARIABLE = YES;
				IPHONEOS_DEPLOYMENT_TARGET = 18.0;
				LOCALIZATION_PREFERS_STRING_CATALOGS = YES;
				MTL_ENABLE_DEBUG_INFO = NO;
				MTL_FAST_MATH = YES;
				SDKROOT = iphoneos;
				SWIFT_COMPILATION_MODE = wholemodule;
				VALIDATE_PRODUCT = YES;
			};
			name = Release;
		};
		CD9A556A2CCD17D100BC2325 /* Debug */ = {
			isa = XCBuildConfiguration;
			buildSettings = {
				ASSETCATALOG_COMPILER_APPICON_NAME = AppIcon;
				ASSETCATALOG_COMPILER_GLOBAL_ACCENT_COLOR_NAME = AccentColor;
				CODE_SIGN_STYLE = Automatic;
				CURRENT_PROJECT_VERSION = 1;
				DEVELOPMENT_ASSET_PATHS = "\"SwiftUI_Reset/Preview Content\"";
				DEVELOPMENT_TEAM = N954XS4D2X;
				ENABLE_PREVIEWS = YES;
				GENERATE_INFOPLIST_FILE = YES;
				INFOPLIST_KEY_UIApplicationSceneManifest_Generation = YES;
				INFOPLIST_KEY_UIApplicationSupportsIndirectInputEvents = YES;
				INFOPLIST_KEY_UILaunchScreen_Generation = YES;
				INFOPLIST_KEY_UISupportedInterfaceOrientations_iPad = "UIInterfaceOrientationPortrait UIInterfaceOrientationPortraitUpsideDown UIInterfaceOrientationLandscapeLeft UIInterfaceOrientationLandscapeRight";
				INFOPLIST_KEY_UISupportedInterfaceOrientations_iPhone = "UIInterfaceOrientationPortrait UIInterfaceOrientationLandscapeLeft UIInterfaceOrientationLandscapeRight";
				LD_RUNPATH_SEARCH_PATHS = (
					"$(inherited)",
					"@executable_path/Frameworks",
				);
				MARKETING_VERSION = 1.0;
				PRODUCT_BUNDLE_IDENTIFIER = "com.madcow.SwiftUI-Reset";
				PRODUCT_NAME = "$(TARGET_NAME)";
				SWIFT_EMIT_LOC_STRINGS = YES;
				SWIFT_VERSION = 5.0;
				TARGETED_DEVICE_FAMILY = "1,2";
			};
			name = Debug;
		};
		CD9A556B2CCD17D100BC2325 /* Release */ = {
			isa = XCBuildConfiguration;
			buildSettings = {
				ASSETCATALOG_COMPILER_APPICON_NAME = AppIcon;
				ASSETCATALOG_COMPILER_GLOBAL_ACCENT_COLOR_NAME = AccentColor;
				CODE_SIGN_STYLE = Automatic;
				CURRENT_PROJECT_VERSION = 1;
				DEVELOPMENT_ASSET_PATHS = "\"SwiftUI_Reset/Preview Content\"";
				DEVELOPMENT_TEAM = N954XS4D2X;
				ENABLE_PREVIEWS = YES;
				GENERATE_INFOPLIST_FILE = YES;
				INFOPLIST_KEY_UIApplicationSceneManifest_Generation = YES;
				INFOPLIST_KEY_UIApplicationSupportsIndirectInputEvents = YES;
				INFOPLIST_KEY_UILaunchScreen_Generation = YES;
				INFOPLIST_KEY_UISupportedInterfaceOrientations_iPad = "UIInterfaceOrientationPortrait UIInterfaceOrientationPortraitUpsideDown UIInterfaceOrientationLandscapeLeft UIInterfaceOrientationLandscapeRight";
				INFOPLIST_KEY_UISupportedInterfaceOrientations_iPhone = "UIInterfaceOrientationPortrait UIInterfaceOrientationLandscapeLeft UIInterfaceOrientationLandscapeRight";
				LD_RUNPATH_SEARCH_PATHS = (
					"$(inherited)",
					"@executable_path/Frameworks",
				);
				MARKETING_VERSION = 1.0;
				PRODUCT_BUNDLE_IDENTIFIER = "com.madcow.SwiftUI-Reset";
				PRODUCT_NAME = "$(TARGET_NAME)";
				SWIFT_EMIT_LOC_STRINGS = YES;
				SWIFT_VERSION = 5.0;
				TARGETED_DEVICE_FAMILY = "1,2";
			};
			name = Release;
		};
		CD9A556D2CCD17D100BC2325 /* Debug */ = {
			isa = XCBuildConfiguration;
			buildSettings = {
				BUNDLE_LOADER = "$(TEST_HOST)";
				CODE_SIGN_STYLE = Automatic;
				CURRENT_PROJECT_VERSION = 1;
				DEVELOPMENT_TEAM = N954XS4D2X;
				GENERATE_INFOPLIST_FILE = YES;
				IPHONEOS_DEPLOYMENT_TARGET = 18.0;
				MARKETING_VERSION = 1.0;
				PRODUCT_BUNDLE_IDENTIFIER = "com.madcow.SwiftUI-ResetTests";
				PRODUCT_NAME = "$(TARGET_NAME)";
				SWIFT_EMIT_LOC_STRINGS = NO;
				SWIFT_VERSION = 5.0;
				TARGETED_DEVICE_FAMILY = "1,2";
				TEST_HOST = "$(BUILT_PRODUCTS_DIR)/SwiftUI_Reset.app/$(BUNDLE_EXECUTABLE_FOLDER_PATH)/SwiftUI_Reset";
			};
			name = Debug;
		};
		CD9A556E2CCD17D100BC2325 /* Release */ = {
			isa = XCBuildConfiguration;
			buildSettings = {
				BUNDLE_LOADER = "$(TEST_HOST)";
				CODE_SIGN_STYLE = Automatic;
				CURRENT_PROJECT_VERSION = 1;
				DEVELOPMENT_TEAM = N954XS4D2X;
				GENERATE_INFOPLIST_FILE = YES;
				IPHONEOS_DEPLOYMENT_TARGET = 18.0;
				MARKETING_VERSION = 1.0;
				PRODUCT_BUNDLE_IDENTIFIER = "com.madcow.SwiftUI-ResetTests";
				PRODUCT_NAME = "$(TARGET_NAME)";
				SWIFT_EMIT_LOC_STRINGS = NO;
				SWIFT_VERSION = 5.0;
				TARGETED_DEVICE_FAMILY = "1,2";
				TEST_HOST = "$(BUILT_PRODUCTS_DIR)/SwiftUI_Reset.app/$(BUNDLE_EXECUTABLE_FOLDER_PATH)/SwiftUI_Reset";
			};
			name = Release;
		};
		CD9A55702CCD17D100BC2325 /* Debug */ = {
			isa = XCBuildConfiguration;
			buildSettings = {
				CODE_SIGN_STYLE = Automatic;
				CURRENT_PROJECT_VERSION = 1;
				DEVELOPMENT_TEAM = N954XS4D2X;
				GENERATE_INFOPLIST_FILE = YES;
				MARKETING_VERSION = 1.0;
				PRODUCT_BUNDLE_IDENTIFIER = "com.madcow.SwiftUI-ResetUITests";
				PRODUCT_NAME = "$(TARGET_NAME)";
				SWIFT_EMIT_LOC_STRINGS = NO;
				SWIFT_VERSION = 5.0;
				TARGETED_DEVICE_FAMILY = "1,2";
				TEST_TARGET_NAME = SwiftUI_Reset;
			};
			name = Debug;
		};
		CD9A55712CCD17D100BC2325 /* Release */ = {
			isa = XCBuildConfiguration;
			buildSettings = {
				CODE_SIGN_STYLE = Automatic;
				CURRENT_PROJECT_VERSION = 1;
				DEVELOPMENT_TEAM = N954XS4D2X;
				GENERATE_INFOPLIST_FILE = YES;
				MARKETING_VERSION = 1.0;
				PRODUCT_BUNDLE_IDENTIFIER = "com.madcow.SwiftUI-ResetUITests";
				PRODUCT_NAME = "$(TARGET_NAME)";
				SWIFT_EMIT_LOC_STRINGS = NO;
				SWIFT_VERSION = 5.0;
				TARGETED_DEVICE_FAMILY = "1,2";
				TEST_TARGET_NAME = SwiftUI_Reset;
			};
			name = Release;
		};
/* End XCBuildConfiguration section */

/* Begin XCConfigurationList section */
		CD9A55402CCD17D000BC2325 /* Build configuration list for PBXProject "SwiftUI_Reset" */ = {
			isa = XCConfigurationList;
			buildConfigurations = (
				CD9A55672CCD17D100BC2325 /* Debug */,
				CD9A55682CCD17D100BC2325 /* Release */,
			);
			defaultConfigurationIsVisible = 0;
			defaultConfigurationName = Release;
		};
		CD9A55692CCD17D100BC2325 /* Build configuration list for PBXNativeTarget "SwiftUI_Reset" */ = {
			isa = XCConfigurationList;
			buildConfigurations = (
				CD9A556A2CCD17D100BC2325 /* Debug */,
				CD9A556B2CCD17D100BC2325 /* Release */,
			);
			defaultConfigurationIsVisible = 0;
			defaultConfigurationName = Release;
		};
		CD9A556C2CCD17D100BC2325 /* Build configuration list for PBXNativeTarget "SwiftUI_ResetTests" */ = {
			isa = XCConfigurationList;
			buildConfigurations = (
				CD9A556D2CCD17D100BC2325 /* Debug */,
				CD9A556E2CCD17D100BC2325 /* Release */,
			);
			defaultConfigurationIsVisible = 0;
			defaultConfigurationName = Release;
		};
		CD9A556F2CCD17D100BC2325 /* Build configuration list for PBXNativeTarget "SwiftUI_ResetUITests" */ = {
			isa = XCConfigurationList;
			buildConfigurations = (
				CD9A55702CCD17D100BC2325 /* Debug */,
				CD9A55712CCD17D100BC2325 /* Release */,
			);
			defaultConfigurationIsVisible = 0;
			defaultConfigurationName = Release;
		};
/* End XCConfigurationList section */
	};
	rootObject = CD9A553D2CCD17D000BC2325 /* Project object */;
}
