// !$*UTF8*$!
{
	archiveVersion = 1;
	classes = {
	};
	objectVersion = 56;
	objects = {

/* Begin PBXBuildFile section */
		CD295C512BC02CB4007D56A4 /* RecordCreateView.swift in Sources */ = {isa = PBXBuildFile; fileRef = CD295C502BC02CB4007D56A4 /* RecordCreateView.swift */; };
		CD295C532BC02CBF007D56A4 /* RecordCreateViewModel.swift in Sources */ = {isa = PBXBuildFile; fileRef = CD295C522BC02CBF007D56A4 /* RecordCreateViewModel.swift */; };
		CD295C572BC0386E007D56A4 /* RecordDetailView.swift in Sources */ = {isa = PBXBuildFile; fileRef = CD295C562BC0386E007D56A4 /* RecordDetailView.swift */; };
		CD4EF2EF2BBD988200925D20 /* simpleRecordApp.swift in Sources */ = {isa = PBXBuildFile; fileRef = CD4EF2EE2BBD988200925D20 /* simpleRecordApp.swift */; };
		CD4EF2F12BBD988200925D20 /* ContentView.swift in Sources */ = {isa = PBXBuildFile; fileRef = CD4EF2F02BBD988200925D20 /* ContentView.swift */; };
		CD4EF2F32BBD988300925D20 /* Assets.xcassets in Resources */ = {isa = PBXBuildFile; fileRef = CD4EF2F22BBD988300925D20 /* Assets.xcassets */; };
		CD4EF2F62BBD988300925D20 /* Preview Assets.xcassets in Resources */ = {isa = PBXBuildFile; fileRef = CD4EF2F52BBD988300925D20 /* Preview Assets.xcassets */; };
		CD6020D92BC420CF00650AF7 /* CustomUI.swift in Sources */ = {isa = PBXBuildFile; fileRef = CD6020D82BC420CF00650AF7 /* CustomUI.swift */; };
		CDB6A0F22BBE28E900A7A130 /* RecordMainView.swift in Sources */ = {isa = PBXBuildFile; fileRef = CDB6A0F12BBE28E900A7A130 /* RecordMainView.swift */; };
		CDB6A1352BBEDAAC00A7A130 /* RecordMainViewModel.swift in Sources */ = {isa = PBXBuildFile; fileRef = CDB6A1342BBEDAAC00A7A130 /* RecordMainViewModel.swift */; };
		CDB6A1372BBEDB5A00A7A130 /* RecordModel.swift in Sources */ = {isa = PBXBuildFile; fileRef = CDB6A1362BBEDB5A00A7A130 /* RecordModel.swift */; };
/* End PBXBuildFile section */

/* Begin PBXFileReference section */
		CD295C502BC02CB4007D56A4 /* RecordCreateView.swift */ = {isa = PBXFileReference; lastKnownFileType = sourcecode.swift; path = RecordCreateView.swift; sourceTree = "<group>"; };
		CD295C522BC02CBF007D56A4 /* RecordCreateViewModel.swift */ = {isa = PBXFileReference; lastKnownFileType = sourcecode.swift; path = RecordCreateViewModel.swift; sourceTree = "<group>"; };
		CD295C562BC0386E007D56A4 /* RecordDetailView.swift */ = {isa = PBXFileReference; lastKnownFileType = sourcecode.swift; path = RecordDetailView.swift; sourceTree = "<group>"; };
		CD4EF2EB2BBD988200925D20 /* simpleRecord.app */ = {isa = PBXFileReference; explicitFileType = wrapper.application; includeInIndex = 0; path = simpleRecord.app; sourceTree = BUILT_PRODUCTS_DIR; };
		CD4EF2EE2BBD988200925D20 /* simpleRecordApp.swift */ = {isa = PBXFileReference; lastKnownFileType = sourcecode.swift; path = simpleRecordApp.swift; sourceTree = "<group>"; };
		CD4EF2F02BBD988200925D20 /* ContentView.swift */ = {isa = PBXFileReference; lastKnownFileType = sourcecode.swift; path = ContentView.swift; sourceTree = "<group>"; };
		CD4EF2F22BBD988300925D20 /* Assets.xcassets */ = {isa = PBXFileReference; lastKnownFileType = folder.assetcatalog; path = Assets.xcassets; sourceTree = "<group>"; };
		CD4EF2F52BBD988300925D20 /* Preview Assets.xcassets */ = {isa = PBXFileReference; lastKnownFileType = folder.assetcatalog; path = "Preview Assets.xcassets"; sourceTree = "<group>"; };
		CD6020D82BC420CF00650AF7 /* CustomUI.swift */ = {isa = PBXFileReference; lastKnownFileType = sourcecode.swift; path = CustomUI.swift; sourceTree = "<group>"; };
		CDB6A0F12BBE28E900A7A130 /* RecordMainView.swift */ = {isa = PBXFileReference; lastKnownFileType = sourcecode.swift; path = RecordMainView.swift; sourceTree = "<group>"; };
		CDB6A1342BBEDAAC00A7A130 /* RecordMainViewModel.swift */ = {isa = PBXFileReference; lastKnownFileType = sourcecode.swift; path = RecordMainViewModel.swift; sourceTree = "<group>"; };
		CDB6A1362BBEDB5A00A7A130 /* RecordModel.swift */ = {isa = PBXFileReference; lastKnownFileType = sourcecode.swift; path = RecordModel.swift; sourceTree = "<group>"; };
/* End PBXFileReference section */

/* Begin PBXFrameworksBuildPhase section */
		CD4EF2E82BBD988200925D20 /* Frameworks */ = {
			isa = PBXFrameworksBuildPhase;
			buildActionMask = 2147483647;
			files = (
			);
			runOnlyForDeploymentPostprocessing = 0;
		};
/* End PBXFrameworksBuildPhase section */

/* Begin PBXGroup section */
		CD4EF2E22BBD988200925D20 = {
			isa = PBXGroup;
			children = (
				CD4EF2ED2BBD988200925D20 /* simpleRecord */,
				CD4EF2EC2BBD988200925D20 /* Products */,
			);
			sourceTree = "<group>";
		};
		CD4EF2EC2BBD988200925D20 /* Products */ = {
			isa = PBXGroup;
			children = (
				CD4EF2EB2BBD988200925D20 /* simpleRecord.app */,
			);
			name = Products;
			sourceTree = "<group>";
		};
		CD4EF2ED2BBD988200925D20 /* simpleRecord */ = {
			isa = PBXGroup;
			children = (
				CD6020D72BC420C700650AF7 /* Util */,
				CDB6A0F02BBE28CC00A7A130 /* Model */,
				CDB6A0EF2BBE28C800A7A130 /* ViewModel */,
				CDB6A0EE2BBE28C300A7A130 /* View */,
				CD4EF2EE2BBD988200925D20 /* simpleRecordApp.swift */,
				CD4EF2F02BBD988200925D20 /* ContentView.swift */,
				CD4EF2F22BBD988300925D20 /* Assets.xcassets */,
				CD4EF2F42BBD988300925D20 /* Preview Content */,
			);
			path = simpleRecord;
			sourceTree = "<group>";
		};
		CD4EF2F42BBD988300925D20 /* Preview Content */ = {
			isa = PBXGroup;
			children = (
				CD4EF2F52BBD988300925D20 /* Preview Assets.xcassets */,
			);
			path = "Preview Content";
			sourceTree = "<group>";
		};
		CD6020D72BC420C700650AF7 /* Util */ = {
			isa = PBXGroup;
			children = (
				CD6020D82BC420CF00650AF7 /* CustomUI.swift */,
			);
			path = Util;
			sourceTree = "<group>";
		};
		CDB6A0EE2BBE28C300A7A130 /* View */ = {
			isa = PBXGroup;
			children = (
				CDB6A0F12BBE28E900A7A130 /* RecordMainView.swift */,
				CD295C502BC02CB4007D56A4 /* RecordCreateView.swift */,
				CD295C562BC0386E007D56A4 /* RecordDetailView.swift */,
			);
			path = View;
			sourceTree = "<group>";
		};
		CDB6A0EF2BBE28C800A7A130 /* ViewModel */ = {
			isa = PBXGroup;
			children = (
				CDB6A1342BBEDAAC00A7A130 /* RecordMainViewModel.swift */,
				CD295C522BC02CBF007D56A4 /* RecordCreateViewModel.swift */,
			);
			path = ViewModel;
			sourceTree = "<group>";
		};
		CDB6A0F02BBE28CC00A7A130 /* Model */ = {
			isa = PBXGroup;
			children = (
				CDB6A1362BBEDB5A00A7A130 /* RecordModel.swift */,
			);
			path = Model;
			sourceTree = "<group>";
		};
/* End PBXGroup section */

/* Begin PBXNativeTarget section */
		CD4EF2EA2BBD988200925D20 /* simpleRecord */ = {
			isa = PBXNativeTarget;
			buildConfigurationList = CD4EF2F92BBD988300925D20 /* Build configuration list for PBXNativeTarget "simpleRecord" */;
			buildPhases = (
				CD4EF2E72BBD988200925D20 /* Sources */,
				CD4EF2E82BBD988200925D20 /* Frameworks */,
				CD4EF2E92BBD988200925D20 /* Resources */,
			);
			buildRules = (
			);
			dependencies = (
			);
			name = simpleRecord;
			productName = simpleRecord;
			productReference = CD4EF2EB2BBD988200925D20 /* simpleRecord.app */;
			productType = "com.apple.product-type.application";
		};
/* End PBXNativeTarget section */

/* Begin PBXProject section */
		CD4EF2E32BBD988200925D20 /* Project object */ = {
			isa = PBXProject;
			attributes = {
				BuildIndependentTargetsInParallel = 1;
				LastSwiftUpdateCheck = 1530;
				LastUpgradeCheck = 1530;
				TargetAttributes = {
					CD4EF2EA2BBD988200925D20 = {
						CreatedOnToolsVersion = 15.3;
					};
				};
			};
			buildConfigurationList = CD4EF2E62BBD988200925D20 /* Build configuration list for PBXProject "simpleRecord" */;
			compatibilityVersion = "Xcode 14.0";
			developmentRegion = en;
			hasScannedForEncodings = 0;
			knownRegions = (
				en,
				Base,
			);
			mainGroup = CD4EF2E22BBD988200925D20;
			productRefGroup = CD4EF2EC2BBD988200925D20 /* Products */;
			projectDirPath = "";
			projectRoot = "";
			targets = (
				CD4EF2EA2BBD988200925D20 /* simpleRecord */,
			);
		};
/* End PBXProject section */

/* Begin PBXResourcesBuildPhase section */
		CD4EF2E92BBD988200925D20 /* Resources */ = {
			isa = PBXResourcesBuildPhase;
			buildActionMask = 2147483647;
			files = (
				CD4EF2F62BBD988300925D20 /* Preview Assets.xcassets in Resources */,
				CD4EF2F32BBD988300925D20 /* Assets.xcassets in Resources */,
			);
			runOnlyForDeploymentPostprocessing = 0;
		};
/* End PBXResourcesBuildPhase section */

/* Begin PBXSourcesBuildPhase section */
		CD4EF2E72BBD988200925D20 /* Sources */ = {
			isa = PBXSourcesBuildPhase;
			buildActionMask = 2147483647;
			files = (
				CD4EF2F12BBD988200925D20 /* ContentView.swift in Sources */,
				CD6020D92BC420CF00650AF7 /* CustomUI.swift in Sources */,
				CDB6A0F22BBE28E900A7A130 /* RecordMainView.swift in Sources */,
				CDB6A1372BBEDB5A00A7A130 /* RecordModel.swift in Sources */,
				CD295C532BC02CBF007D56A4 /* RecordCreateViewModel.swift in Sources */,
				CD295C512BC02CB4007D56A4 /* RecordCreateView.swift in Sources */,
				CDB6A1352BBEDAAC00A7A130 /* RecordMainViewModel.swift in Sources */,
				CD295C572BC0386E007D56A4 /* RecordDetailView.swift in Sources */,
				CD4EF2EF2BBD988200925D20 /* simpleRecordApp.swift in Sources */,
			);
			runOnlyForDeploymentPostprocessing = 0;
		};
/* End PBXSourcesBuildPhase section */

/* Begin XCBuildConfiguration section */
		CD4EF2F72BBD988300925D20 /* Debug */ = {
			isa = XCBuildConfiguration;
			buildSettings = {
				ALWAYS_SEARCH_USER_PATHS = NO;
				ASSETCATALOG_COMPILER_GENERATE_SWIFT_ASSET_SYMBOL_EXTENSIONS = YES;
				CLANG_ANALYZER_NONNULL = YES;
				CLANG_ANALYZER_NUMBER_OBJECT_CONVERSION = YES_AGGRESSIVE;
				CLANG_CXX_LANGUAGE_STANDARD = "gnu++20";
				CLANG_ENABLE_MODULES = YES;
				CLANG_ENABLE_OBJC_ARC = YES;
				CLANG_ENABLE_OBJC_WEAK = YES;
				CLANG_WARN_BLOCK_CAPTURE_AUTORELEASING = YES;
				CLANG_WARN_BOOL_CONVERSION = YES;
				CLANG_WARN_COMMA = YES;
				CLANG_WARN_CONSTANT_CONVERSION = YES;
				CLANG_WARN_DEPRECATED_OBJC_IMPLEMENTATIONS = YES;
				CLANG_WARN_DIRECT_OBJC_ISA_USAGE = YES_ERROR;
				CLANG_WARN_DOCUMENTATION_COMMENTS = YES;
				CLANG_WARN_EMPTY_BODY = YES;
				CLANG_WARN_ENUM_CONVERSION = YES;
				CLANG_WARN_INFINITE_RECURSION = YES;
				CLANG_WARN_INT_CONVERSION = YES;
				CLANG_WARN_NON_LITERAL_NULL_CONVERSION = YES;
				CLANG_WARN_OBJC_IMPLICIT_RETAIN_SELF = YES;
				CLANG_WARN_OBJC_LITERAL_CONVERSION = YES;
				CLANG_WARN_OBJC_ROOT_CLASS = YES_ERROR;
				CLANG_WARN_QUOTED_INCLUDE_IN_FRAMEWORK_HEADER = YES;
				CLANG_WARN_RANGE_LOOP_ANALYSIS = YES;
				CLANG_WARN_STRICT_PROTOTYPES = YES;
				CLANG_WARN_SUSPICIOUS_MOVE = YES;
				CLANG_WARN_UNGUARDED_AVAILABILITY = YES_AGGRESSIVE;
				CLANG_WARN_UNREACHABLE_CODE = YES;
				CLANG_WARN__DUPLICATE_METHOD_MATCH = YES;
				COPY_PHASE_STRIP = NO;
				DEBUG_INFORMATION_FORMAT = dwarf;
				ENABLE_STRICT_OBJC_MSGSEND = YES;
				ENABLE_TESTABILITY = YES;
				ENABLE_USER_SCRIPT_SANDBOXING = YES;
				GCC_C_LANGUAGE_STANDARD = gnu17;
				GCC_DYNAMIC_NO_PIC = NO;
				GCC_NO_COMMON_BLOCKS = YES;
				GCC_OPTIMIZATION_LEVEL = 0;
				GCC_PREPROCESSOR_DEFINITIONS = (
					"DEBUG=1",
					"$(inherited)",
				);
				GCC_WARN_64_TO_32_BIT_CONVERSION = YES;
				GCC_WARN_ABOUT_RETURN_TYPE = YES_ERROR;
				GCC_WARN_UNDECLARED_SELECTOR = YES;
				GCC_WARN_UNINITIALIZED_AUTOS = YES_AGGRESSIVE;
				GCC_WARN_UNUSED_FUNCTION = YES;
				GCC_WARN_UNUSED_VARIABLE = YES;
				IPHONEOS_DEPLOYMENT_TARGET = 17.4;
				LOCALIZATION_PREFERS_STRING_CATALOGS = YES;
				MTL_ENABLE_DEBUG_INFO = INCLUDE_SOURCE;
				MTL_FAST_MATH = YES;
				ONLY_ACTIVE_ARCH = YES;
				SDKROOT = iphoneos;
				SWIFT_ACTIVE_COMPILATION_CONDITIONS = "DEBUG $(inherited)";
				SWIFT_OPTIMIZATION_LEVEL = "-Onone";
			};
			name = Debug;
		};
		CD4EF2F82BBD988300925D20 /* Release */ = {
			isa = XCBuildConfiguration;
			buildSettings = {
				ALWAYS_SEARCH_USER_PATHS = NO;
				ASSETCATALOG_COMPILER_GENERATE_SWIFT_ASSET_SYMBOL_EXTENSIONS = YES;
				CLANG_ANALYZER_NONNULL = YES;
				CLANG_ANALYZER_NUMBER_OBJECT_CONVERSION = YES_AGGRESSIVE;
				CLANG_CXX_LANGUAGE_STANDARD = "gnu++20";
				CLANG_ENABLE_MODULES = YES;
				CLANG_ENABLE_OBJC_ARC = YES;
				CLANG_ENABLE_OBJC_WEAK = YES;
				CLANG_WARN_BLOCK_CAPTURE_AUTORELEASING = YES;
				CLANG_WARN_BOOL_CONVERSION = YES;
				CLANG_WARN_COMMA = YES;
				CLANG_WARN_CONSTANT_CONVERSION = YES;
				CLANG_WARN_DEPRECATED_OBJC_IMPLEMENTATIONS = YES;
				CLANG_WARN_DIRECT_OBJC_ISA_USAGE = YES_ERROR;
				CLANG_WARN_DOCUMENTATION_COMMENTS = YES;
				CLANG_WARN_EMPTY_BODY = YES;
				CLANG_WARN_ENUM_CONVERSION = YES;
				CLANG_WARN_INFINITE_RECURSION = YES;
				CLANG_WARN_INT_CONVERSION = YES;
				CLANG_WARN_NON_LITERAL_NULL_CONVERSION = YES;
				CLANG_WARN_OBJC_IMPLICIT_RETAIN_SELF = YES;
				CLANG_WARN_OBJC_LITERAL_CONVERSION = YES;
				CLANG_WARN_OBJC_ROOT_CLASS = YES_ERROR;
				CLANG_WARN_QUOTED_INCLUDE_IN_FRAMEWORK_HEADER = YES;
				CLANG_WARN_RANGE_LOOP_ANALYSIS = YES;
				CLANG_WARN_STRICT_PROTOTYPES = YES;
				CLANG_WARN_SUSPICIOUS_MOVE = YES;
				CLANG_WARN_UNGUARDED_AVAILABILITY = YES_AGGRESSIVE;
				CLANG_WARN_UNREACHABLE_CODE = YES;
				CLANG_WARN__DUPLICATE_METHOD_MATCH = YES;
				COPY_PHASE_STRIP = NO;
				DEBUG_INFORMATION_FORMAT = "dwarf-with-dsym";
				ENABLE_NS_ASSERTIONS = NO;
				ENABLE_STRICT_OBJC_MSGSEND = YES;
				ENABLE_USER_SCRIPT_SANDBOXING = YES;
				GCC_C_LANGUAGE_STANDARD = gnu17;
				GCC_NO_COMMON_BLOCKS = YES;
				GCC_WARN_64_TO_32_BIT_CONVERSION = YES;
				GCC_WARN_ABOUT_RETURN_TYPE = YES_ERROR;
				GCC_WARN_UNDECLARED_SELECTOR = YES;
				GCC_WARN_UNINITIALIZED_AUTOS = YES_AGGRESSIVE;
				GCC_WARN_UNUSED_FUNCTION = YES;
				GCC_WARN_UNUSED_VARIABLE = YES;
				IPHONEOS_DEPLOYMENT_TARGET = 17.4;
				LOCALIZATION_PREFERS_STRING_CATALOGS = YES;
				MTL_ENABLE_DEBUG_INFO = NO;
				MTL_FAST_MATH = YES;
				SDKROOT = iphoneos;
				SWIFT_COMPILATION_MODE = wholemodule;
				VALIDATE_PRODUCT = YES;
			};
			name = Release;
		};
		CD4EF2FA2BBD988300925D20 /* Debug */ = {
			isa = XCBuildConfiguration;
			buildSettings = {
				ASSETCATALOG_COMPILER_APPICON_NAME = AppIcon;
				ASSETCATALOG_COMPILER_GLOBAL_ACCENT_COLOR_NAME = AccentColor;
				CODE_SIGN_STYLE = Automatic;
				CURRENT_PROJECT_VERSION = 1;
				DEVELOPMENT_ASSET_PATHS = "\"simpleRecord/Preview Content\"";
				DEVELOPMENT_TEAM = P3KXNQ9736;
				ENABLE_PREVIEWS = YES;
				GENERATE_INFOPLIST_FILE = YES;
				INFOPLIST_KEY_UIApplicationSceneManifest_Generation = YES;
				INFOPLIST_KEY_UIApplicationSupportsIndirectInputEvents = YES;
				INFOPLIST_KEY_UILaunchScreen_Generation = YES;
				INFOPLIST_KEY_UISupportedInterfaceOrientations_iPad = "UIInterfaceOrientationPortrait UIInterfaceOrientationPortraitUpsideDown UIInterfaceOrientationLandscapeLeft UIInterfaceOrientationLandscapeRight";
				INFOPLIST_KEY_UISupportedInterfaceOrientations_iPhone = "UIInterfaceOrientationPortrait UIInterfaceOrientationLandscapeLeft UIInterfaceOrientationLandscapeRight";
				LD_RUNPATH_SEARCH_PATHS = (
					"$(inherited)",
					"@executable_path/Frameworks",
				);
				MARKETING_VERSION = 1.0;
				PRODUCT_BUNDLE_IDENTIFIER = MadCow.simpleRecord;
				PRODUCT_NAME = "$(TARGET_NAME)";
				SWIFT_EMIT_LOC_STRINGS = YES;
				SWIFT_VERSION = 5.0;
				TARGETED_DEVICE_FAMILY = "1,2";
			};
			name = Debug;
		};
		CD4EF2FB2BBD988300925D20 /* Release */ = {
			isa = XCBuildConfiguration;
			buildSettings = {
				ASSETCATALOG_COMPILER_APPICON_NAME = AppIcon;
				ASSETCATALOG_COMPILER_GLOBAL_ACCENT_COLOR_NAME = AccentColor;
				CODE_SIGN_STYLE = Automatic;
				CURRENT_PROJECT_VERSION = 1;
				DEVELOPMENT_ASSET_PATHS = "\"simpleRecord/Preview Content\"";
				DEVELOPMENT_TEAM = P3KXNQ9736;
				ENABLE_PREVIEWS = YES;
				GENERATE_INFOPLIST_FILE = YES;
				INFOPLIST_KEY_UIApplicationSceneManifest_Generation = YES;
				INFOPLIST_KEY_UIApplicationSupportsIndirectInputEvents = YES;
				INFOPLIST_KEY_UILaunchScreen_Generation = YES;
				INFOPLIST_KEY_UISupportedInterfaceOrientations_iPad = "UIInterfaceOrientationPortrait UIInterfaceOrientationPortraitUpsideDown UIInterfaceOrientationLandscapeLeft UIInterfaceOrientationLandscapeRight";
				INFOPLIST_KEY_UISupportedInterfaceOrientations_iPhone = "UIInterfaceOrientationPortrait UIInterfaceOrientationLandscapeLeft UIInterfaceOrientationLandscapeRight";
				LD_RUNPATH_SEARCH_PATHS = (
					"$(inherited)",
					"@executable_path/Frameworks",
				);
				MARKETING_VERSION = 1.0;
				PRODUCT_BUNDLE_IDENTIFIER = MadCow.simpleRecord;
				PRODUCT_NAME = "$(TARGET_NAME)";
				SWIFT_EMIT_LOC_STRINGS = YES;
				SWIFT_VERSION = 5.0;
				TARGETED_DEVICE_FAMILY = "1,2";
			};
			name = Release;
		};
/* End XCBuildConfiguration section */

/* Begin XCConfigurationList section */
		CD4EF2E62BBD988200925D20 /* Build configuration list for PBXProject "simpleRecord" */ = {
			isa = XCConfigurationList;
			buildConfigurations = (
				CD4EF2F72BBD988300925D20 /* Debug */,
				CD4EF2F82BBD988300925D20 /* Release */,
			);
			defaultConfigurationIsVisible = 0;
			defaultConfigurationName = Release;
		};
		CD4EF2F92BBD988300925D20 /* Build configuration list for PBXNativeTarget "simpleRecord" */ = {
			isa = XCConfigurationList;
			buildConfigurations = (
				CD4EF2FA2BBD988300925D20 /* Debug */,
				CD4EF2FB2BBD988300925D20 /* Release */,
			);
			defaultConfigurationIsVisible = 0;
			defaultConfigurationName = Release;
		};
/* End XCConfigurationList section */
	};
	rootObject = CD4EF2E32BBD988200925D20 /* Project object */;
}
