// !$*UTF8*$!
{
	archiveVersion = 1;
	classes = {
	};
	objectVersion = 56;
	objects = {

/* Begin PBXBuildFile section */
		CD6BFB5F2B90505B00238B2D /* WorkOut.swift in Sources */ = {isa = PBXBuildFile; fileRef = CD6BFB5E2B90505B00238B2D /* WorkOut.swift */; };
		CD6BFB612B90507100238B2D /* WorkOutDetail.swift in Sources */ = {isa = PBXBuildFile; fileRef = CD6BFB602B90507100238B2D /* WorkOutDetail.swift */; };
		CD6BFB632B90509600238B2D /* WorkOutRecord.swift in Sources */ = {isa = PBXBuildFile; fileRef = CD6BFB622B90509600238B2D /* WorkOutRecord.swift */; };
		CD6BFB652B9050D500238B2D /* HomeViewModel.swift in Sources */ = {isa = PBXBuildFile; fileRef = CD6BFB642B9050D500238B2D /* HomeViewModel.swift */; };
		CD6BFB672B90545000238B2D /* RecordViewController.swift in Sources */ = {isa = PBXBuildFile; fileRef = CD6BFB662B90545000238B2D /* RecordViewController.swift */; };
		CD6BFB692B91FBA300238B2D /* RecordDetailViewController.swift in Sources */ = {isa = PBXBuildFile; fileRef = CD6BFB682B91FBA300238B2D /* RecordDetailViewController.swift */; };
		CD6BFB6D2B921B9300238B2D /* RecordView.storyboard in Resources */ = {isa = PBXBuildFile; fileRef = CD6BFB6C2B921B9300238B2D /* RecordView.storyboard */; };
		CDF0ADE52B8E12BF00C8690D /* AppDelegate.swift in Sources */ = {isa = PBXBuildFile; fileRef = CDF0ADE42B8E12BF00C8690D /* AppDelegate.swift */; };
		CDF0ADE72B8E12BF00C8690D /* SceneDelegate.swift in Sources */ = {isa = PBXBuildFile; fileRef = CDF0ADE62B8E12BF00C8690D /* SceneDelegate.swift */; };
		CDF0ADE92B8E12BF00C8690D /* HomeViewController.swift in Sources */ = {isa = PBXBuildFile; fileRef = CDF0ADE82B8E12BF00C8690D /* HomeViewController.swift */; };
		CDF0ADEC2B8E12BF00C8690D /* Main.storyboard in Resources */ = {isa = PBXBuildFile; fileRef = CDF0ADEA2B8E12BF00C8690D /* Main.storyboard */; };
		CDF0ADEE2B8E12C000C8690D /* Assets.xcassets in Resources */ = {isa = PBXBuildFile; fileRef = CDF0ADED2B8E12C000C8690D /* Assets.xcassets */; };
		CDF0ADF12B8E12C000C8690D /* LaunchScreen.storyboard in Resources */ = {isa = PBXBuildFile; fileRef = CDF0ADEF2B8E12C000C8690D /* LaunchScreen.storyboard */; };
		CDF0ADFD2B8E1D0B00C8690D /* CalendarTableCell.swift in Sources */ = {isa = PBXBuildFile; fileRef = CDF0ADFC2B8E1D0B00C8690D /* CalendarTableCell.swift */; };
/* End PBXBuildFile section */

/* Begin PBXFileReference section */
		CD6BFB5E2B90505B00238B2D /* WorkOut.swift */ = {isa = PBXFileReference; lastKnownFileType = sourcecode.swift; path = WorkOut.swift; sourceTree = "<group>"; };
		CD6BFB602B90507100238B2D /* WorkOutDetail.swift */ = {isa = PBXFileReference; lastKnownFileType = sourcecode.swift; path = WorkOutDetail.swift; sourceTree = "<group>"; };
		CD6BFB622B90509600238B2D /* WorkOutRecord.swift */ = {isa = PBXFileReference; lastKnownFileType = sourcecode.swift; path = WorkOutRecord.swift; sourceTree = "<group>"; };
		CD6BFB642B9050D500238B2D /* HomeViewModel.swift */ = {isa = PBXFileReference; lastKnownFileType = sourcecode.swift; path = HomeViewModel.swift; sourceTree = "<group>"; };
		CD6BFB662B90545000238B2D /* RecordViewController.swift */ = {isa = PBXFileReference; lastKnownFileType = sourcecode.swift; path = RecordViewController.swift; sourceTree = "<group>"; };
		CD6BFB682B91FBA300238B2D /* RecordDetailViewController.swift */ = {isa = PBXFileReference; lastKnownFileType = sourcecode.swift; path = RecordDetailViewController.swift; sourceTree = "<group>"; };
		CD6BFB6C2B921B9300238B2D /* RecordView.storyboard */ = {isa = PBXFileReference; lastKnownFileType = file.storyboard; path = RecordView.storyboard; sourceTree = "<group>"; };
		CDF0ADE12B8E12BF00C8690D /* muscleMemory.app */ = {isa = PBXFileReference; explicitFileType = wrapper.application; includeInIndex = 0; path = muscleMemory.app; sourceTree = BUILT_PRODUCTS_DIR; };
		CDF0ADE42B8E12BF00C8690D /* AppDelegate.swift */ = {isa = PBXFileReference; lastKnownFileType = sourcecode.swift; path = AppDelegate.swift; sourceTree = "<group>"; };
		CDF0ADE62B8E12BF00C8690D /* SceneDelegate.swift */ = {isa = PBXFileReference; lastKnownFileType = sourcecode.swift; path = SceneDelegate.swift; sourceTree = "<group>"; };
		CDF0ADE82B8E12BF00C8690D /* HomeViewController.swift */ = {isa = PBXFileReference; lastKnownFileType = sourcecode.swift; path = HomeViewController.swift; sourceTree = "<group>"; };
		CDF0ADEB2B8E12BF00C8690D /* Base */ = {isa = PBXFileReference; lastKnownFileType = file.storyboard; name = Base; path = Base.lproj/Main.storyboard; sourceTree = "<group>"; };
		CDF0ADED2B8E12C000C8690D /* Assets.xcassets */ = {isa = PBXFileReference; lastKnownFileType = folder.assetcatalog; path = Assets.xcassets; sourceTree = "<group>"; };
		CDF0ADF02B8E12C000C8690D /* Base */ = {isa = PBXFileReference; lastKnownFileType = file.storyboard; name = Base; path = Base.lproj/LaunchScreen.storyboard; sourceTree = "<group>"; };
		CDF0ADF22B8E12C000C8690D /* Info.plist */ = {isa = PBXFileReference; lastKnownFileType = text.plist.xml; path = Info.plist; sourceTree = "<group>"; };
		CDF0ADFC2B8E1D0B00C8690D /* CalendarTableCell.swift */ = {isa = PBXFileReference; lastKnownFileType = sourcecode.swift; path = CalendarTableCell.swift; sourceTree = "<group>"; };
/* End PBXFileReference section */

/* Begin PBXFrameworksBuildPhase section */
		CDF0ADDE2B8E12BF00C8690D /* Frameworks */ = {
			isa = PBXFrameworksBuildPhase;
			buildActionMask = 2147483647;
			files = (
			);
			runOnlyForDeploymentPostprocessing = 0;
		};
/* End PBXFrameworksBuildPhase section */

/* Begin PBXGroup section */
		CDF0ADD82B8E12BF00C8690D = {
			isa = PBXGroup;
			children = (
				CDF0ADE32B8E12BF00C8690D /* muscleMemory */,
				CDF0ADE22B8E12BF00C8690D /* Products */,
			);
			sourceTree = "<group>";
		};
		CDF0ADE22B8E12BF00C8690D /* Products */ = {
			isa = PBXGroup;
			children = (
				CDF0ADE12B8E12BF00C8690D /* muscleMemory.app */,
			);
			name = Products;
			sourceTree = "<group>";
		};
		CDF0ADE32B8E12BF00C8690D /* muscleMemory */ = {
			isa = PBXGroup;
			children = (
				CDF0ADFA2B8E1C0500C8690D /* View */,
				CDF0ADF92B8E1C0000C8690D /* ViewModel */,
				CDF0ADF82B8E1BF800C8690D /* Model */,
				CDF0ADE42B8E12BF00C8690D /* AppDelegate.swift */,
				CDF0ADE62B8E12BF00C8690D /* SceneDelegate.swift */,
				CDF0ADEA2B8E12BF00C8690D /* Main.storyboard */,
				CD6BFB6C2B921B9300238B2D /* RecordView.storyboard */,
				CDF0ADED2B8E12C000C8690D /* Assets.xcassets */,
				CDF0ADEF2B8E12C000C8690D /* LaunchScreen.storyboard */,
				CDF0ADF22B8E12C000C8690D /* Info.plist */,
			);
			path = muscleMemory;
			sourceTree = "<group>";
		};
		CDF0ADF82B8E1BF800C8690D /* Model */ = {
			isa = PBXGroup;
			children = (
				CD6BFB5E2B90505B00238B2D /* WorkOut.swift */,
				CD6BFB602B90507100238B2D /* WorkOutDetail.swift */,
				CD6BFB622B90509600238B2D /* WorkOutRecord.swift */,
			);
			path = Model;
			sourceTree = "<group>";
		};
		CDF0ADF92B8E1C0000C8690D /* ViewModel */ = {
			isa = PBXGroup;
			children = (
				CD6BFB642B9050D500238B2D /* HomeViewModel.swift */,
			);
			path = ViewModel;
			sourceTree = "<group>";
		};
		CDF0ADFA2B8E1C0500C8690D /* View */ = {
			isa = PBXGroup;
			children = (
				CDF0ADFB2B8E1CF800C8690D /* Cell */,
				CDF0ADE82B8E12BF00C8690D /* HomeViewController.swift */,
				CD6BFB662B90545000238B2D /* RecordViewController.swift */,
				CD6BFB682B91FBA300238B2D /* RecordDetailViewController.swift */,
			);
			path = View;
			sourceTree = "<group>";
		};
		CDF0ADFB2B8E1CF800C8690D /* Cell */ = {
			isa = PBXGroup;
			children = (
				CDF0ADFC2B8E1D0B00C8690D /* CalendarTableCell.swift */,
			);
			path = Cell;
			sourceTree = "<group>";
		};
/* End PBXGroup section */

/* Begin PBXNativeTarget section */
		CDF0ADE02B8E12BF00C8690D /* muscleMemory */ = {
			isa = PBXNativeTarget;
			buildConfigurationList = CDF0ADF52B8E12C000C8690D /* Build configuration list for PBXNativeTarget "muscleMemory" */;
			buildPhases = (
				CDF0ADDD2B8E12BF00C8690D /* Sources */,
				CDF0ADDE2B8E12BF00C8690D /* Frameworks */,
				CDF0ADDF2B8E12BF00C8690D /* Resources */,
			);
			buildRules = (
			);
			dependencies = (
			);
			name = muscleMemory;
			productName = muscleMemory;
			productReference = CDF0ADE12B8E12BF00C8690D /* muscleMemory.app */;
			productType = "com.apple.product-type.application";
		};
/* End PBXNativeTarget section */

/* Begin PBXProject section */
		CDF0ADD92B8E12BF00C8690D /* Project object */ = {
			isa = PBXProject;
			attributes = {
				BuildIndependentTargetsInParallel = 1;
				LastSwiftUpdateCheck = 1520;
				LastUpgradeCheck = 1520;
				TargetAttributes = {
					CDF0ADE02B8E12BF00C8690D = {
						CreatedOnToolsVersion = 15.2;
					};
				};
			};
			buildConfigurationList = CDF0ADDC2B8E12BF00C8690D /* Build configuration list for PBXProject "muscleMemory" */;
			compatibilityVersion = "Xcode 14.0";
			developmentRegion = en;
			hasScannedForEncodings = 0;
			knownRegions = (
				en,
				Base,
			);
			mainGroup = CDF0ADD82B8E12BF00C8690D;
			productRefGroup = CDF0ADE22B8E12BF00C8690D /* Products */;
			projectDirPath = "";
			projectRoot = "";
			targets = (
				CDF0ADE02B8E12BF00C8690D /* muscleMemory */,
			);
		};
/* End PBXProject section */

/* Begin PBXResourcesBuildPhase section */
		CDF0ADDF2B8E12BF00C8690D /* Resources */ = {
			isa = PBXResourcesBuildPhase;
			buildActionMask = 2147483647;
			files = (
				CDF0ADF12B8E12C000C8690D /* LaunchScreen.storyboard in Resources */,
				CDF0ADEE2B8E12C000C8690D /* Assets.xcassets in Resources */,
				CD6BFB6D2B921B9300238B2D /* RecordView.storyboard in Resources */,
				CDF0ADEC2B8E12BF00C8690D /* Main.storyboard in Resources */,
			);
			runOnlyForDeploymentPostprocessing = 0;
		};
/* End PBXResourcesBuildPhase section */

/* Begin PBXSourcesBuildPhase section */
		CDF0ADDD2B8E12BF00C8690D /* Sources */ = {
			isa = PBXSourcesBuildPhase;
			buildActionMask = 2147483647;
			files = (
				CDF0ADFD2B8E1D0B00C8690D /* CalendarTableCell.swift in Sources */,
				CDF0ADE92B8E12BF00C8690D /* HomeViewController.swift in Sources */,
				CD6BFB692B91FBA300238B2D /* RecordDetailViewController.swift in Sources */,
				CDF0ADE52B8E12BF00C8690D /* AppDelegate.swift in Sources */,
				CD6BFB672B90545000238B2D /* RecordViewController.swift in Sources */,
				CD6BFB652B9050D500238B2D /* HomeViewModel.swift in Sources */,
				CD6BFB5F2B90505B00238B2D /* WorkOut.swift in Sources */,
				CD6BFB612B90507100238B2D /* WorkOutDetail.swift in Sources */,
				CD6BFB632B90509600238B2D /* WorkOutRecord.swift in Sources */,
				CDF0ADE72B8E12BF00C8690D /* SceneDelegate.swift in Sources */,
			);
			runOnlyForDeploymentPostprocessing = 0;
		};
/* End PBXSourcesBuildPhase section */

/* Begin PBXVariantGroup section */
		CDF0ADEA2B8E12BF00C8690D /* Main.storyboard */ = {
			isa = PBXVariantGroup;
			children = (
				CDF0ADEB2B8E12BF00C8690D /* Base */,
			);
			name = Main.storyboard;
			sourceTree = "<group>";
		};
		CDF0ADEF2B8E12C000C8690D /* LaunchScreen.storyboard */ = {
			isa = PBXVariantGroup;
			children = (
				CDF0ADF02B8E12C000C8690D /* Base */,
			);
			name = LaunchScreen.storyboard;
			sourceTree = "<group>";
		};
/* End PBXVariantGroup section */

/* Begin XCBuildConfiguration section */
		CDF0ADF32B8E12C000C8690D /* Debug */ = {
			isa = XCBuildConfiguration;
			buildSettings = {
				ALWAYS_SEARCH_USER_PATHS = NO;
				ASSETCATALOG_COMPILER_GENERATE_SWIFT_ASSET_SYMBOL_EXTENSIONS = YES;
				CLANG_ANALYZER_NONNULL = YES;
				CLANG_ANALYZER_NUMBER_OBJECT_CONVERSION = YES_AGGRESSIVE;
				CLANG_CXX_LANGUAGE_STANDARD = "gnu++20";
				CLANG_ENABLE_MODULES = YES;
				CLANG_ENABLE_OBJC_ARC = YES;
				CLANG_ENABLE_OBJC_WEAK = YES;
				CLANG_WARN_BLOCK_CAPTURE_AUTORELEASING = YES;
				CLANG_WARN_BOOL_CONVERSION = YES;
				CLANG_WARN_COMMA = YES;
				CLANG_WARN_CONSTANT_CONVERSION = YES;
				CLANG_WARN_DEPRECATED_OBJC_IMPLEMENTATIONS = YES;
				CLANG_WARN_DIRECT_OBJC_ISA_USAGE = YES_ERROR;
				CLANG_WARN_DOCUMENTATION_COMMENTS = YES;
				CLANG_WARN_EMPTY_BODY = YES;
				CLANG_WARN_ENUM_CONVERSION = YES;
				CLANG_WARN_INFINITE_RECURSION = YES;
				CLANG_WARN_INT_CONVERSION = YES;
				CLANG_WARN_NON_LITERAL_NULL_CONVERSION = YES;
				CLANG_WARN_OBJC_IMPLICIT_RETAIN_SELF = YES;
				CLANG_WARN_OBJC_LITERAL_CONVERSION = YES;
				CLANG_WARN_OBJC_ROOT_CLASS = YES_ERROR;
				CLANG_WARN_QUOTED_INCLUDE_IN_FRAMEWORK_HEADER = YES;
				CLANG_WARN_RANGE_LOOP_ANALYSIS = YES;
				CLANG_WARN_STRICT_PROTOTYPES = YES;
				CLANG_WARN_SUSPICIOUS_MOVE = YES;
				CLANG_WARN_UNGUARDED_AVAILABILITY = YES_AGGRESSIVE;
				CLANG_WARN_UNREACHABLE_CODE = YES;
				CLANG_WARN__DUPLICATE_METHOD_MATCH = YES;
				COPY_PHASE_STRIP = NO;
				DEBUG_INFORMATION_FORMAT = dwarf;
				ENABLE_STRICT_OBJC_MSGSEND = YES;
				ENABLE_TESTABILITY = YES;
				ENABLE_USER_SCRIPT_SANDBOXING = YES;
				GCC_C_LANGUAGE_STANDARD = gnu17;
				GCC_DYNAMIC_NO_PIC = NO;
				GCC_NO_COMMON_BLOCKS = YES;
				GCC_OPTIMIZATION_LEVEL = 0;
				GCC_PREPROCESSOR_DEFINITIONS = (
					"DEBUG=1",
					"$(inherited)",
				);
				GCC_WARN_64_TO_32_BIT_CONVERSION = YES;
				GCC_WARN_ABOUT_RETURN_TYPE = YES_ERROR;
				GCC_WARN_UNDECLARED_SELECTOR = YES;
				GCC_WARN_UNINITIALIZED_AUTOS = YES_AGGRESSIVE;
				GCC_WARN_UNUSED_FUNCTION = YES;
				GCC_WARN_UNUSED_VARIABLE = YES;
				IPHONEOS_DEPLOYMENT_TARGET = 17.2;
				LOCALIZATION_PREFERS_STRING_CATALOGS = YES;
				MTL_ENABLE_DEBUG_INFO = INCLUDE_SOURCE;
				MTL_FAST_MATH = YES;
				ONLY_ACTIVE_ARCH = YES;
				SDKROOT = iphoneos;
				SWIFT_ACTIVE_COMPILATION_CONDITIONS = "DEBUG $(inherited)";
				SWIFT_OPTIMIZATION_LEVEL = "-Onone";
			};
			name = Debug;
		};
		CDF0ADF42B8E12C000C8690D /* Release */ = {
			isa = XCBuildConfiguration;
			buildSettings = {
				ALWAYS_SEARCH_USER_PATHS = NO;
				ASSETCATALOG_COMPILER_GENERATE_SWIFT_ASSET_SYMBOL_EXTENSIONS = YES;
				CLANG_ANALYZER_NONNULL = YES;
				CLANG_ANALYZER_NUMBER_OBJECT_CONVERSION = YES_AGGRESSIVE;
				CLANG_CXX_LANGUAGE_STANDARD = "gnu++20";
				CLANG_ENABLE_MODULES = YES;
				CLANG_ENABLE_OBJC_ARC = YES;
				CLANG_ENABLE_OBJC_WEAK = YES;
				CLANG_WARN_BLOCK_CAPTURE_AUTORELEASING = YES;
				CLANG_WARN_BOOL_CONVERSION = YES;
				CLANG_WARN_COMMA = YES;
				CLANG_WARN_CONSTANT_CONVERSION = YES;
				CLANG_WARN_DEPRECATED_OBJC_IMPLEMENTATIONS = YES;
				CLANG_WARN_DIRECT_OBJC_ISA_USAGE = YES_ERROR;
				CLANG_WARN_DOCUMENTATION_COMMENTS = YES;
				CLANG_WARN_EMPTY_BODY = YES;
				CLANG_WARN_ENUM_CONVERSION = YES;
				CLANG_WARN_INFINITE_RECURSION = YES;
				CLANG_WARN_INT_CONVERSION = YES;
				CLANG_WARN_NON_LITERAL_NULL_CONVERSION = YES;
				CLANG_WARN_OBJC_IMPLICIT_RETAIN_SELF = YES;
				CLANG_WARN_OBJC_LITERAL_CONVERSION = YES;
				CLANG_WARN_OBJC_ROOT_CLASS = YES_ERROR;
				CLANG_WARN_QUOTED_INCLUDE_IN_FRAMEWORK_HEADER = YES;
				CLANG_WARN_RANGE_LOOP_ANALYSIS = YES;
				CLANG_WARN_STRICT_PROTOTYPES = YES;
				CLANG_WARN_SUSPICIOUS_MOVE = YES;
				CLANG_WARN_UNGUARDED_AVAILABILITY = YES_AGGRESSIVE;
				CLANG_WARN_UNREACHABLE_CODE = YES;
				CLANG_WARN__DUPLICATE_METHOD_MATCH = YES;
				COPY_PHASE_STRIP = NO;
				DEBUG_INFORMATION_FORMAT = "dwarf-with-dsym";
				ENABLE_NS_ASSERTIONS = NO;
				ENABLE_STRICT_OBJC_MSGSEND = YES;
				ENABLE_USER_SCRIPT_SANDBOXING = YES;
				GCC_C_LANGUAGE_STANDARD = gnu17;
				GCC_NO_COMMON_BLOCKS = YES;
				GCC_WARN_64_TO_32_BIT_CONVERSION = YES;
				GCC_WARN_ABOUT_RETURN_TYPE = YES_ERROR;
				GCC_WARN_UNDECLARED_SELECTOR = YES;
				GCC_WARN_UNINITIALIZED_AUTOS = YES_AGGRESSIVE;
				GCC_WARN_UNUSED_FUNCTION = YES;
				GCC_WARN_UNUSED_VARIABLE = YES;
				IPHONEOS_DEPLOYMENT_TARGET = 17.2;
				LOCALIZATION_PREFERS_STRING_CATALOGS = YES;
				MTL_ENABLE_DEBUG_INFO = NO;
				MTL_FAST_MATH = YES;
				SDKROOT = iphoneos;
				SWIFT_COMPILATION_MODE = wholemodule;
				VALIDATE_PRODUCT = YES;
			};
			name = Release;
		};
		CDF0ADF62B8E12C000C8690D /* Debug */ = {
			isa = XCBuildConfiguration;
			buildSettings = {
				ASSETCATALOG_COMPILER_APPICON_NAME = AppIcon;
				ASSETCATALOG_COMPILER_GLOBAL_ACCENT_COLOR_NAME = AccentColor;
				CODE_SIGN_STYLE = Automatic;
				CURRENT_PROJECT_VERSION = 1;
				DEVELOPMENT_TEAM = P3KXNQ9736;
				GENERATE_INFOPLIST_FILE = YES;
				INFOPLIST_FILE = muscleMemory/Info.plist;
				INFOPLIST_KEY_UIApplicationSupportsIndirectInputEvents = YES;
				INFOPLIST_KEY_UILaunchStoryboardName = LaunchScreen;
				INFOPLIST_KEY_UIMainStoryboardFile = Main;
				INFOPLIST_KEY_UISupportedInterfaceOrientations_iPad = "UIInterfaceOrientationPortrait UIInterfaceOrientationPortraitUpsideDown UIInterfaceOrientationLandscapeLeft UIInterfaceOrientationLandscapeRight";
				INFOPLIST_KEY_UISupportedInterfaceOrientations_iPhone = "UIInterfaceOrientationPortrait UIInterfaceOrientationLandscapeLeft UIInterfaceOrientationLandscapeRight";
				LD_RUNPATH_SEARCH_PATHS = (
					"$(inherited)",
					"@executable_path/Frameworks",
				);
				MARKETING_VERSION = 1.0;
				PRODUCT_BUNDLE_IDENTIFIER = MadCow.muscleMemory;
				PRODUCT_NAME = "$(TARGET_NAME)";
				SWIFT_EMIT_LOC_STRINGS = YES;
				SWIFT_VERSION = 5.0;
				TARGETED_DEVICE_FAMILY = "1,2";
			};
			name = Debug;
		};
		CDF0ADF72B8E12C000C8690D /* Release */ = {
			isa = XCBuildConfiguration;
			buildSettings = {
				ASSETCATALOG_COMPILER_APPICON_NAME = AppIcon;
				ASSETCATALOG_COMPILER_GLOBAL_ACCENT_COLOR_NAME = AccentColor;
				CODE_SIGN_STYLE = Automatic;
				CURRENT_PROJECT_VERSION = 1;
				DEVELOPMENT_TEAM = P3KXNQ9736;
				GENERATE_INFOPLIST_FILE = YES;
				INFOPLIST_FILE = muscleMemory/Info.plist;
				INFOPLIST_KEY_UIApplicationSupportsIndirectInputEvents = YES;
				INFOPLIST_KEY_UILaunchStoryboardName = LaunchScreen;
				INFOPLIST_KEY_UIMainStoryboardFile = Main;
				INFOPLIST_KEY_UISupportedInterfaceOrientations_iPad = "UIInterfaceOrientationPortrait UIInterfaceOrientationPortraitUpsideDown UIInterfaceOrientationLandscapeLeft UIInterfaceOrientationLandscapeRight";
				INFOPLIST_KEY_UISupportedInterfaceOrientations_iPhone = "UIInterfaceOrientationPortrait UIInterfaceOrientationLandscapeLeft UIInterfaceOrientationLandscapeRight";
				LD_RUNPATH_SEARCH_PATHS = (
					"$(inherited)",
					"@executable_path/Frameworks",
				);
				MARKETING_VERSION = 1.0;
				PRODUCT_BUNDLE_IDENTIFIER = MadCow.muscleMemory;
				PRODUCT_NAME = "$(TARGET_NAME)";
				SWIFT_EMIT_LOC_STRINGS = YES;
				SWIFT_VERSION = 5.0;
				TARGETED_DEVICE_FAMILY = "1,2";
			};
			name = Release;
		};
/* End XCBuildConfiguration section */

/* Begin XCConfigurationList section */
		CDF0ADDC2B8E12BF00C8690D /* Build configuration list for PBXProject "muscleMemory" */ = {
			isa = XCConfigurationList;
			buildConfigurations = (
				CDF0ADF32B8E12C000C8690D /* Debug */,
				CDF0ADF42B8E12C000C8690D /* Release */,
			);
			defaultConfigurationIsVisible = 0;
			defaultConfigurationName = Release;
		};
		CDF0ADF52B8E12C000C8690D /* Build configuration list for PBXNativeTarget "muscleMemory" */ = {
			isa = XCConfigurationList;
			buildConfigurations = (
				CDF0ADF62B8E12C000C8690D /* Debug */,
				CDF0ADF72B8E12C000C8690D /* Release */,
			);
			defaultConfigurationIsVisible = 0;
			defaultConfigurationName = Release;
		};
/* End XCConfigurationList section */
	};
	rootObject = CDF0ADD92B8E12BF00C8690D /* Project object */;
}
